// !$*UTF8*$!
{
	archiveVersion = 1;
	classes = {
	};
	objectVersion = 46;
	objects = {

/* Begin PBXBuildFile section */
		CB2393D41BC39A3300B470BA /* main.m in Sources */ = {isa = PBXBuildFile; fileRef = CB2393D31BC39A3300B470BA /* main.m */; };
		CB2393D71BC39A3300B470BA /* AppDelegate.m in Sources */ = {isa = PBXBuildFile; fileRef = CB2393D61BC39A3300B470BA /* AppDelegate.m */; };
		CB2393DA1BC39A3300B470BA /* ViewController.m in Sources */ = {isa = PBXBuildFile; fileRef = CB2393D91BC39A3300B470BA /* ViewController.m */; };
		CB2393DD1BC39A3300B470BA /* Main.storyboard in Resources */ = {isa = PBXBuildFile; fileRef = CB2393DB1BC39A3300B470BA /* Main.storyboard */; };
		CB2393DF1BC39A3300B470BA /* Images.xcassets in Resources */ = {isa = PBXBuildFile; fileRef = CB2393DE1BC39A3300B470BA /* Images.xcassets */; };
		CB2393E21BC39A3300B470BA /* LaunchScreen.xib in Resources */ = {isa = PBXBuildFile; fileRef = CB2393E01BC39A3300B470BA /* LaunchScreen.xib */; };
		CB2393EE1BC39A3300B470BA /* LZThreadProTests.m in Sources */ = {isa = PBXBuildFile; fileRef = CB2393ED1BC39A3300B470BA /* LZThreadProTests.m */; };
		CB2394001BC39A8700B470BA /* main.m in Sources */ = {isa = PBXBuildFile; fileRef = CB2393FF1BC39A8700B470BA /* main.m */; };
		CB2394031BC39A8700B470BA /* AppDelegate.m in Sources */ = {isa = PBXBuildFile; fileRef = CB2394021BC39A8700B470BA /* AppDelegate.m */; };
		CB2394061BC39A8700B470BA /* ViewController.m in Sources */ = {isa = PBXBuildFile; fileRef = CB2394051BC39A8700B470BA /* ViewController.m */; };
		CB2394091BC39A8700B470BA /* Main.storyboard in Resources */ = {isa = PBXBuildFile; fileRef = CB2394071BC39A8700B470BA /* Main.storyboard */; };
		CB23940B1BC39A8700B470BA /* Images.xcassets in Resources */ = {isa = PBXBuildFile; fileRef = CB23940A1BC39A8700B470BA /* Images.xcassets */; };
		CB23940E1BC39A8700B470BA /* LaunchScreen.xib in Resources */ = {isa = PBXBuildFile; fileRef = CB23940C1BC39A8700B470BA /* LaunchScreen.xib */; };
		CB23941A1BC39A8700B470BA /* LZthread02Tests.m in Sources */ = {isa = PBXBuildFile; fileRef = CB2394191BC39A8700B470BA /* LZthread02Tests.m */; };
		CB23942A1BC4AF2000B470BA /* main.m in Sources */ = {isa = PBXBuildFile; fileRef = CB2394291BC4AF2000B470BA /* main.m */; };
		CB23942D1BC4AF2000B470BA /* AppDelegate.m in Sources */ = {isa = PBXBuildFile; fileRef = CB23942C1BC4AF2000B470BA /* AppDelegate.m */; };
		CB2394301BC4AF2000B470BA /* ViewController.m in Sources */ = {isa = PBXBuildFile; fileRef = CB23942F1BC4AF2000B470BA /* ViewController.m */; };
		CB2394331BC4AF2000B470BA /* Main.storyboard in Resources */ = {isa = PBXBuildFile; fileRef = CB2394311BC4AF2000B470BA /* Main.storyboard */; };
		CB2394351BC4AF2000B470BA /* Images.xcassets in Resources */ = {isa = PBXBuildFile; fileRef = CB2394341BC4AF2000B470BA /* Images.xcassets */; };
		CB2394381BC4AF2000B470BA /* LaunchScreen.xib in Resources */ = {isa = PBXBuildFile; fileRef = CB2394361BC4AF2000B470BA /* LaunchScreen.xib */; };
		CB2394441BC4AF2000B470BA /* LZThreadLoadImageTests.m in Sources */ = {isa = PBXBuildFile; fileRef = CB2394431BC4AF2000B470BA /* LZThreadLoadImageTests.m */; };
		CB2394541BC4BD0400B470BA /* main.m in Sources */ = {isa = PBXBuildFile; fileRef = CB2394531BC4BD0400B470BA /* main.m */; };
		CB2394571BC4BD0400B470BA /* AppDelegate.m in Sources */ = {isa = PBXBuildFile; fileRef = CB2394561BC4BD0400B470BA /* AppDelegate.m */; };
		CB23945A1BC4BD0400B470BA /* ViewController.m in Sources */ = {isa = PBXBuildFile; fileRef = CB2394591BC4BD0400B470BA /* ViewController.m */; };
		CB23945D1BC4BD0400B470BA /* Main.storyboard in Resources */ = {isa = PBXBuildFile; fileRef = CB23945B1BC4BD0400B470BA /* Main.storyboard */; };
		CB23945F1BC4BD0400B470BA /* Images.xcassets in Resources */ = {isa = PBXBuildFile; fileRef = CB23945E1BC4BD0400B470BA /* Images.xcassets */; };
		CB2394621BC4BD0400B470BA /* LaunchScreen.xib in Resources */ = {isa = PBXBuildFile; fileRef = CB2394601BC4BD0400B470BA /* LaunchScreen.xib */; };
		CB23946E1BC4BD0400B470BA /* LZThreadPro04GCDTests.m in Sources */ = {isa = PBXBuildFile; fileRef = CB23946D1BC4BD0400B470BA /* LZThreadPro04GCDTests.m */; };
/* End PBXBuildFile section */

/* Begin PBXContainerItemProxy section */
		CB2393E81BC39A3300B470BA /* PBXContainerItemProxy */ = {
			isa = PBXContainerItemProxy;
			containerPortal = CB2393C61BC39A3300B470BA /* Project object */;
			proxyType = 1;
			remoteGlobalIDString = CB2393CD1BC39A3300B470BA;
			remoteInfo = LZThreadPro;
		};
		CB2394141BC39A8700B470BA /* PBXContainerItemProxy */ = {
			isa = PBXContainerItemProxy;
			containerPortal = CB2393C61BC39A3300B470BA /* Project object */;
			proxyType = 1;
			remoteGlobalIDString = CB2393FA1BC39A8700B470BA;
			remoteInfo = LZthread02;
		};
		CB23943E1BC4AF2000B470BA /* PBXContainerItemProxy */ = {
			isa = PBXContainerItemProxy;
			containerPortal = CB2393C61BC39A3300B470BA /* Project object */;
			proxyType = 1;
			remoteGlobalIDString = CB2394241BC4AF2000B470BA;
			remoteInfo = LZThreadLoadImage;
		};
		CB2394681BC4BD0400B470BA /* PBXContainerItemProxy */ = {
			isa = PBXContainerItemProxy;
			containerPortal = CB2393C61BC39A3300B470BA /* Project object */;
			proxyType = 1;
			remoteGlobalIDString = CB23944E1BC4BD0400B470BA;
			remoteInfo = LZThreadPro04GCD;
		};
/* End PBXContainerItemProxy section */

/* Begin PBXFileReference section */
		CB2393CE1BC39A3300B470BA /* LZThreadPro.app */ = {isa = PBXFileReference; explicitFileType = wrapper.application; includeInIndex = 0; path = LZThreadPro.app; sourceTree = BUILT_PRODUCTS_DIR; };
		CB2393D21BC39A3300B470BA /* Info.plist */ = {isa = PBXFileReference; lastKnownFileType = text.plist.xml; path = Info.plist; sourceTree = "<group>"; };
		CB2393D31BC39A3300B470BA /* main.m */ = {isa = PBXFileReference; lastKnownFileType = sourcecode.c.objc; path = main.m; sourceTree = "<group>"; };
		CB2393D51BC39A3300B470BA /* AppDelegate.h */ = {isa = PBXFileReference; lastKnownFileType = sourcecode.c.h; path = AppDelegate.h; sourceTree = "<group>"; };
		CB2393D61BC39A3300B470BA /* AppDelegate.m */ = {isa = PBXFileReference; lastKnownFileType = sourcecode.c.objc; path = AppDelegate.m; sourceTree = "<group>"; };
		CB2393D81BC39A3300B470BA /* ViewController.h */ = {isa = PBXFileReference; lastKnownFileType = sourcecode.c.h; path = ViewController.h; sourceTree = "<group>"; };
		CB2393D91BC39A3300B470BA /* ViewController.m */ = {isa = PBXFileReference; lastKnownFileType = sourcecode.c.objc; path = ViewController.m; sourceTree = "<group>"; };
		CB2393DC1BC39A3300B470BA /* Base */ = {isa = PBXFileReference; lastKnownFileType = file.storyboard; name = Base; path = Base.lproj/Main.storyboard; sourceTree = "<group>"; };
		CB2393DE1BC39A3300B470BA /* Images.xcassets */ = {isa = PBXFileReference; lastKnownFileType = folder.assetcatalog; path = Images.xcassets; sourceTree = "<group>"; };
		CB2393E11BC39A3300B470BA /* Base */ = {isa = PBXFileReference; lastKnownFileType = file.xib; name = Base; path = Base.lproj/LaunchScreen.xib; sourceTree = "<group>"; };
		CB2393E71BC39A3300B470BA /* LZThreadProTests.xctest */ = {isa = PBXFileReference; explicitFileType = wrapper.cfbundle; includeInIndex = 0; path = LZThreadProTests.xctest; sourceTree = BUILT_PRODUCTS_DIR; };
		CB2393EC1BC39A3300B470BA /* Info.plist */ = {isa = PBXFileReference; lastKnownFileType = text.plist.xml; path = Info.plist; sourceTree = "<group>"; };
		CB2393ED1BC39A3300B470BA /* LZThreadProTests.m */ = {isa = PBXFileReference; lastKnownFileType = sourcecode.c.objc; path = LZThreadProTests.m; sourceTree = "<group>"; };
		CB2393FB1BC39A8700B470BA /* LZthread02.app */ = {isa = PBXFileReference; explicitFileType = wrapper.application; includeInIndex = 0; path = LZthread02.app; sourceTree = BUILT_PRODUCTS_DIR; };
		CB2393FE1BC39A8700B470BA /* Info.plist */ = {isa = PBXFileReference; lastKnownFileType = text.plist.xml; path = Info.plist; sourceTree = "<group>"; };
		CB2393FF1BC39A8700B470BA /* main.m */ = {isa = PBXFileReference; lastKnownFileType = sourcecode.c.objc; path = main.m; sourceTree = "<group>"; };
		CB2394011BC39A8700B470BA /* AppDelegate.h */ = {isa = PBXFileReference; lastKnownFileType = sourcecode.c.h; path = AppDelegate.h; sourceTree = "<group>"; };
		CB2394021BC39A8700B470BA /* AppDelegate.m */ = {isa = PBXFileReference; lastKnownFileType = sourcecode.c.objc; path = AppDelegate.m; sourceTree = "<group>"; };
		CB2394041BC39A8700B470BA /* ViewController.h */ = {isa = PBXFileReference; lastKnownFileType = sourcecode.c.h; path = ViewController.h; sourceTree = "<group>"; };
		CB2394051BC39A8700B470BA /* ViewController.m */ = {isa = PBXFileReference; lastKnownFileType = sourcecode.c.objc; path = ViewController.m; sourceTree = "<group>"; };
		CB2394081BC39A8700B470BA /* Base */ = {isa = PBXFileReference; lastKnownFileType = file.storyboard; name = Base; path = Base.lproj/Main.storyboard; sourceTree = "<group>"; };
		CB23940A1BC39A8700B470BA /* Images.xcassets */ = {isa = PBXFileReference; lastKnownFileType = folder.assetcatalog; path = Images.xcassets; sourceTree = "<group>"; };
		CB23940D1BC39A8700B470BA /* Base */ = {isa = PBXFileReference; lastKnownFileType = file.xib; name = Base; path = Base.lproj/LaunchScreen.xib; sourceTree = "<group>"; };
		CB2394131BC39A8700B470BA /* LZthread02Tests.xctest */ = {isa = PBXFileReference; explicitFileType = wrapper.cfbundle; includeInIndex = 0; path = LZthread02Tests.xctest; sourceTree = BUILT_PRODUCTS_DIR; };
		CB2394181BC39A8700B470BA /* Info.plist */ = {isa = PBXFileReference; lastKnownFileType = text.plist.xml; path = Info.plist; sourceTree = "<group>"; };
		CB2394191BC39A8700B470BA /* LZthread02Tests.m */ = {isa = PBXFileReference; lastKnownFileType = sourcecode.c.objc; path = LZthread02Tests.m; sourceTree = "<group>"; };
		CB2394251BC4AF2000B470BA /* LZThreadLoadImage.app */ = {isa = PBXFileReference; explicitFileType = wrapper.application; includeInIndex = 0; path = LZThreadLoadImage.app; sourceTree = BUILT_PRODUCTS_DIR; };
		CB2394281BC4AF2000B470BA /* Info.plist */ = {isa = PBXFileReference; lastKnownFileType = text.plist.xml; path = Info.plist; sourceTree = "<group>"; };
		CB2394291BC4AF2000B470BA /* main.m */ = {isa = PBXFileReference; lastKnownFileType = sourcecode.c.objc; path = main.m; sourceTree = "<group>"; };
		CB23942B1BC4AF2000B470BA /* AppDelegate.h */ = {isa = PBXFileReference; lastKnownFileType = sourcecode.c.h; path = AppDelegate.h; sourceTree = "<group>"; };
		CB23942C1BC4AF2000B470BA /* AppDelegate.m */ = {isa = PBXFileReference; lastKnownFileType = sourcecode.c.objc; path = AppDelegate.m; sourceTree = "<group>"; };
		CB23942E1BC4AF2000B470BA /* ViewController.h */ = {isa = PBXFileReference; lastKnownFileType = sourcecode.c.h; path = ViewController.h; sourceTree = "<group>"; };
		CB23942F1BC4AF2000B470BA /* ViewController.m */ = {isa = PBXFileReference; lastKnownFileType = sourcecode.c.objc; path = ViewController.m; sourceTree = "<group>"; };
		CB2394321BC4AF2000B470BA /* Base */ = {isa = PBXFileReference; lastKnownFileType = file.storyboard; name = Base; path = Base.lproj/Main.storyboard; sourceTree = "<group>"; };
		CB2394341BC4AF2000B470BA /* Images.xcassets */ = {isa = PBXFileReference; lastKnownFileType = folder.assetcatalog; path = Images.xcassets; sourceTree = "<group>"; };
		CB2394371BC4AF2000B470BA /* Base */ = {isa = PBXFileReference; lastKnownFileType = file.xib; name = Base; path = Base.lproj/LaunchScreen.xib; sourceTree = "<group>"; };
		CB23943D1BC4AF2000B470BA /* LZThreadLoadImageTests.xctest */ = {isa = PBXFileReference; explicitFileType = wrapper.cfbundle; includeInIndex = 0; path = LZThreadLoadImageTests.xctest; sourceTree = BUILT_PRODUCTS_DIR; };
		CB2394421BC4AF2000B470BA /* Info.plist */ = {isa = PBXFileReference; lastKnownFileType = text.plist.xml; path = Info.plist; sourceTree = "<group>"; };
		CB2394431BC4AF2000B470BA /* LZThreadLoadImageTests.m */ = {isa = PBXFileReference; lastKnownFileType = sourcecode.c.objc; path = LZThreadLoadImageTests.m; sourceTree = "<group>"; };
		CB23944F1BC4BD0400B470BA /* LZThreadPro04GCD.app */ = {isa = PBXFileReference; explicitFileType = wrapper.application; includeInIndex = 0; path = LZThreadPro04GCD.app; sourceTree = BUILT_PRODUCTS_DIR; };
		CB2394521BC4BD0400B470BA /* Info.plist */ = {isa = PBXFileReference; lastKnownFileType = text.plist.xml; path = Info.plist; sourceTree = "<group>"; };
		CB2394531BC4BD0400B470BA /* main.m */ = {isa = PBXFileReference; lastKnownFileType = sourcecode.c.objc; path = main.m; sourceTree = "<group>"; };
		CB2394551BC4BD0400B470BA /* AppDelegate.h */ = {isa = PBXFileReference; lastKnownFileType = sourcecode.c.h; path = AppDelegate.h; sourceTree = "<group>"; };
		CB2394561BC4BD0400B470BA /* AppDelegate.m */ = {isa = PBXFileReference; lastKnownFileType = sourcecode.c.objc; path = AppDelegate.m; sourceTree = "<group>"; };
		CB2394581BC4BD0400B470BA /* ViewController.h */ = {isa = PBXFileReference; lastKnownFileType = sourcecode.c.h; path = ViewController.h; sourceTree = "<group>"; };
		CB2394591BC4BD0400B470BA /* ViewController.m */ = {isa = PBXFileReference; lastKnownFileType = sourcecode.c.objc; path = ViewController.m; sourceTree = "<group>"; };
		CB23945C1BC4BD0400B470BA /* Base */ = {isa = PBXFileReference; lastKnownFileType = file.storyboard; name = Base; path = Base.lproj/Main.storyboard; sourceTree = "<group>"; };
		CB23945E1BC4BD0400B470BA /* Images.xcassets */ = {isa = PBXFileReference; lastKnownFileType = folder.assetcatalog; path = Images.xcassets; sourceTree = "<group>"; };
		CB2394611BC4BD0400B470BA /* Base */ = {isa = PBXFileReference; lastKnownFileType = file.xib; name = Base; path = Base.lproj/LaunchScreen.xib; sourceTree = "<group>"; };
		CB2394671BC4BD0400B470BA /* LZThreadPro04GCDTests.xctest */ = {isa = PBXFileReference; explicitFileType = wrapper.cfbundle; includeInIndex = 0; path = LZThreadPro04GCDTests.xctest; sourceTree = BUILT_PRODUCTS_DIR; };
		CB23946C1BC4BD0400B470BA /* Info.plist */ = {isa = PBXFileReference; lastKnownFileType = text.plist.xml; path = Info.plist; sourceTree = "<group>"; };
		CB23946D1BC4BD0400B470BA /* LZThreadPro04GCDTests.m */ = {isa = PBXFileReference; lastKnownFileType = sourcecode.c.objc; path = LZThreadPro04GCDTests.m; sourceTree = "<group>"; };
/* End PBXFileReference section */

/* Begin PBXFrameworksBuildPhase section */
		CB2393CB1BC39A3300B470BA /* Frameworks */ = {
			isa = PBXFrameworksBuildPhase;
			buildActionMask = 2147483647;
			files = (
			);
			runOnlyForDeploymentPostprocessing = 0;
		};
		CB2393E41BC39A3300B470BA /* Frameworks */ = {
			isa = PBXFrameworksBuildPhase;
			buildActionMask = 2147483647;
			files = (
			);
			runOnlyForDeploymentPostprocessing = 0;
		};
		CB2393F81BC39A8700B470BA /* Frameworks */ = {
			isa = PBXFrameworksBuildPhase;
			buildActionMask = 2147483647;
			files = (
			);
			runOnlyForDeploymentPostprocessing = 0;
		};
		CB2394101BC39A8700B470BA /* Frameworks */ = {
			isa = PBXFrameworksBuildPhase;
			buildActionMask = 2147483647;
			files = (
			);
			runOnlyForDeploymentPostprocessing = 0;
		};
		CB2394221BC4AF2000B470BA /* Frameworks */ = {
			isa = PBXFrameworksBuildPhase;
			buildActionMask = 2147483647;
			files = (
			);
			runOnlyForDeploymentPostprocessing = 0;
		};
		CB23943A1BC4AF2000B470BA /* Frameworks */ = {
			isa = PBXFrameworksBuildPhase;
			buildActionMask = 2147483647;
			files = (
			);
			runOnlyForDeploymentPostprocessing = 0;
		};
		CB23944C1BC4BD0400B470BA /* Frameworks */ = {
			isa = PBXFrameworksBuildPhase;
			buildActionMask = 2147483647;
			files = (
			);
			runOnlyForDeploymentPostprocessing = 0;
		};
		CB2394641BC4BD0400B470BA /* Frameworks */ = {
			isa = PBXFrameworksBuildPhase;
			buildActionMask = 2147483647;
			files = (
			);
			runOnlyForDeploymentPostprocessing = 0;
		};
/* End PBXFrameworksBuildPhase section */

/* Begin PBXGroup section */
		CB2393C51BC39A3300B470BA = {
			isa = PBXGroup;
			children = (
				CB2393D01BC39A3300B470BA /* LZThreadPro */,
				CB2393EA1BC39A3300B470BA /* LZThreadProTests */,
				CB2393FC1BC39A8700B470BA /* LZthreadPro02 */,
				CB2394161BC39A8700B470BA /* LZthread02Tests */,
				CB2394261BC4AF2000B470BA /* LZThreadPro03LoadImage */,
				CB2394401BC4AF2000B470BA /* LZThreadLoadImageTests */,
				CB2394501BC4BD0400B470BA /* LZThreadPro04GCD */,
				CB23946A1BC4BD0400B470BA /* LZThreadPro04GCDTests */,
				CB2393CF1BC39A3300B470BA /* Products */,
			);
			sourceTree = "<group>";
		};
		CB2393CF1BC39A3300B470BA /* Products */ = {
			isa = PBXGroup;
			children = (
				CB2393CE1BC39A3300B470BA /* LZThreadPro.app */,
				CB2393E71BC39A3300B470BA /* LZThreadProTests.xctest */,
				CB2393FB1BC39A8700B470BA /* LZthread02.app */,
				CB2394131BC39A8700B470BA /* LZthread02Tests.xctest */,
				CB2394251BC4AF2000B470BA /* LZThreadLoadImage.app */,
				CB23943D1BC4AF2000B470BA /* LZThreadLoadImageTests.xctest */,
				CB23944F1BC4BD0400B470BA /* LZThreadPro04GCD.app */,
				CB2394671BC4BD0400B470BA /* LZThreadPro04GCDTests.xctest */,
			);
			name = Products;
			sourceTree = "<group>";
		};
		CB2393D01BC39A3300B470BA /* LZThreadPro */ = {
			isa = PBXGroup;
			children = (
				CB2393D51BC39A3300B470BA /* AppDelegate.h */,
				CB2393D61BC39A3300B470BA /* AppDelegate.m */,
				CB2393D81BC39A3300B470BA /* ViewController.h */,
				CB2393D91BC39A3300B470BA /* ViewController.m */,
				CB2393DB1BC39A3300B470BA /* Main.storyboard */,
				CB2393DE1BC39A3300B470BA /* Images.xcassets */,
				CB2393E01BC39A3300B470BA /* LaunchScreen.xib */,
				CB2393D11BC39A3300B470BA /* Supporting Files */,
			);
			path = LZThreadPro;
			sourceTree = "<group>";
		};
		CB2393D11BC39A3300B470BA /* Supporting Files */ = {
			isa = PBXGroup;
			children = (
				CB2393D21BC39A3300B470BA /* Info.plist */,
				CB2393D31BC39A3300B470BA /* main.m */,
			);
			name = "Supporting Files";
			sourceTree = "<group>";
		};
		CB2393EA1BC39A3300B470BA /* LZThreadProTests */ = {
			isa = PBXGroup;
			children = (
				CB2393ED1BC39A3300B470BA /* LZThreadProTests.m */,
				CB2393EB1BC39A3300B470BA /* Supporting Files */,
			);
			path = LZThreadProTests;
			sourceTree = "<group>";
		};
		CB2393EB1BC39A3300B470BA /* Supporting Files */ = {
			isa = PBXGroup;
			children = (
				CB2393EC1BC39A3300B470BA /* Info.plist */,
			);
			name = "Supporting Files";
			sourceTree = "<group>";
		};
		CB2393FC1BC39A8700B470BA /* LZthreadPro02 */ = {
			isa = PBXGroup;
			children = (
				CB2394011BC39A8700B470BA /* AppDelegate.h */,
				CB2394021BC39A8700B470BA /* AppDelegate.m */,
				CB2394041BC39A8700B470BA /* ViewController.h */,
				CB2394051BC39A8700B470BA /* ViewController.m */,
				CB2394071BC39A8700B470BA /* Main.storyboard */,
				CB23940A1BC39A8700B470BA /* Images.xcassets */,
				CB23940C1BC39A8700B470BA /* LaunchScreen.xib */,
				CB2393FD1BC39A8700B470BA /* Supporting Files */,
			);
			name = LZthreadPro02;
			path = LZthread02;
			sourceTree = "<group>";
		};
		CB2393FD1BC39A8700B470BA /* Supporting Files */ = {
			isa = PBXGroup;
			children = (
				CB2393FE1BC39A8700B470BA /* Info.plist */,
				CB2393FF1BC39A8700B470BA /* main.m */,
			);
			name = "Supporting Files";
			sourceTree = "<group>";
		};
		CB2394161BC39A8700B470BA /* LZthread02Tests */ = {
			isa = PBXGroup;
			children = (
				CB2394191BC39A8700B470BA /* LZthread02Tests.m */,
				CB2394171BC39A8700B470BA /* Supporting Files */,
			);
			path = LZthread02Tests;
			sourceTree = "<group>";
		};
		CB2394171BC39A8700B470BA /* Supporting Files */ = {
			isa = PBXGroup;
			children = (
				CB2394181BC39A8700B470BA /* Info.plist */,
			);
			name = "Supporting Files";
			sourceTree = "<group>";
		};
		CB2394261BC4AF2000B470BA /* LZThreadPro03LoadImage */ = {
			isa = PBXGroup;
			children = (
				CB23942B1BC4AF2000B470BA /* AppDelegate.h */,
				CB23942C1BC4AF2000B470BA /* AppDelegate.m */,
				CB23942E1BC4AF2000B470BA /* ViewController.h */,
				CB23942F1BC4AF2000B470BA /* ViewController.m */,
				CB2394311BC4AF2000B470BA /* Main.storyboard */,
				CB2394341BC4AF2000B470BA /* Images.xcassets */,
				CB2394361BC4AF2000B470BA /* LaunchScreen.xib */,
				CB2394271BC4AF2000B470BA /* Supporting Files */,
			);
			name = LZThreadPro03LoadImage;
			path = LZThreadLoadImage;
			sourceTree = "<group>";
		};
		CB2394271BC4AF2000B470BA /* Supporting Files */ = {
			isa = PBXGroup;
			children = (
				CB2394281BC4AF2000B470BA /* Info.plist */,
				CB2394291BC4AF2000B470BA /* main.m */,
			);
			name = "Supporting Files";
			sourceTree = "<group>";
		};
		CB2394401BC4AF2000B470BA /* LZThreadLoadImageTests */ = {
			isa = PBXGroup;
			children = (
				CB2394431BC4AF2000B470BA /* LZThreadLoadImageTests.m */,
				CB2394411BC4AF2000B470BA /* Supporting Files */,
			);
			path = LZThreadLoadImageTests;
			sourceTree = "<group>";
		};
		CB2394411BC4AF2000B470BA /* Supporting Files */ = {
			isa = PBXGroup;
			children = (
				CB2394421BC4AF2000B470BA /* Info.plist */,
			);
			name = "Supporting Files";
			sourceTree = "<group>";
		};
		CB2394501BC4BD0400B470BA /* LZThreadPro04GCD */ = {
			isa = PBXGroup;
			children = (
				CB2394551BC4BD0400B470BA /* AppDelegate.h */,
				CB2394561BC4BD0400B470BA /* AppDelegate.m */,
				CB2394581BC4BD0400B470BA /* ViewController.h */,
				CB2394591BC4BD0400B470BA /* ViewController.m */,
				CB23945B1BC4BD0400B470BA /* Main.storyboard */,
				CB23945E1BC4BD0400B470BA /* Images.xcassets */,
				CB2394601BC4BD0400B470BA /* LaunchScreen.xib */,
				CB2394511BC4BD0400B470BA /* Supporting Files */,
			);
			path = LZThreadPro04GCD;
			sourceTree = "<group>";
		};
		CB2394511BC4BD0400B470BA /* Supporting Files */ = {
			isa = PBXGroup;
			children = (
				CB2394521BC4BD0400B470BA /* Info.plist */,
				CB2394531BC4BD0400B470BA /* main.m */,
			);
			name = "Supporting Files";
			sourceTree = "<group>";
		};
		CB23946A1BC4BD0400B470BA /* LZThreadPro04GCDTests */ = {
			isa = PBXGroup;
			children = (
				CB23946D1BC4BD0400B470BA /* LZThreadPro04GCDTests.m */,
				CB23946B1BC4BD0400B470BA /* Supporting Files */,
			);
			path = LZThreadPro04GCDTests;
			sourceTree = "<group>";
		};
		CB23946B1BC4BD0400B470BA /* Supporting Files */ = {
			isa = PBXGroup;
			children = (
				CB23946C1BC4BD0400B470BA /* Info.plist */,
			);
			name = "Supporting Files";
			sourceTree = "<group>";
		};
/* End PBXGroup section */

/* Begin PBXNativeTarget section */
		CB2393CD1BC39A3300B470BA /* LZThreadPro */ = {
			isa = PBXNativeTarget;
			buildConfigurationList = CB2393F11BC39A3300B470BA /* Build configuration list for PBXNativeTarget "LZThreadPro" */;
			buildPhases = (
				CB2393CA1BC39A3300B470BA /* Sources */,
				CB2393CB1BC39A3300B470BA /* Frameworks */,
				CB2393CC1BC39A3300B470BA /* Resources */,
			);
			buildRules = (
			);
			dependencies = (
			);
			name = LZThreadPro;
			productName = LZThreadPro;
			productReference = CB2393CE1BC39A3300B470BA /* LZThreadPro.app */;
			productType = "com.apple.product-type.application";
		};
		CB2393E61BC39A3300B470BA /* LZThreadProTests */ = {
			isa = PBXNativeTarget;
			buildConfigurationList = CB2393F41BC39A3300B470BA /* Build configuration list for PBXNativeTarget "LZThreadProTests" */;
			buildPhases = (
				CB2393E31BC39A3300B470BA /* Sources */,
				CB2393E41BC39A3300B470BA /* Frameworks */,
				CB2393E51BC39A3300B470BA /* Resources */,
			);
			buildRules = (
			);
			dependencies = (
				CB2393E91BC39A3300B470BA /* PBXTargetDependency */,
			);
			name = LZThreadProTests;
			productName = LZThreadProTests;
			productReference = CB2393E71BC39A3300B470BA /* LZThreadProTests.xctest */;
			productType = "com.apple.product-type.bundle.unit-test";
		};
		CB2393FA1BC39A8700B470BA /* LZthreadPro02 */ = {
			isa = PBXNativeTarget;
			buildConfigurationList = CB23941B1BC39A8700B470BA /* Build configuration list for PBXNativeTarget "LZthreadPro02" */;
			buildPhases = (
				CB2393F71BC39A8700B470BA /* Sources */,
				CB2393F81BC39A8700B470BA /* Frameworks */,
				CB2393F91BC39A8700B470BA /* Resources */,
			);
			buildRules = (
			);
			dependencies = (
			);
			name = LZthreadPro02;
			productName = LZthread02;
			productReference = CB2393FB1BC39A8700B470BA /* LZthread02.app */;
			productType = "com.apple.product-type.application";
		};
		CB2394121BC39A8700B470BA /* LZthread02Tests */ = {
			isa = PBXNativeTarget;
			buildConfigurationList = CB23941E1BC39A8700B470BA /* Build configuration list for PBXNativeTarget "LZthread02Tests" */;
			buildPhases = (
				CB23940F1BC39A8700B470BA /* Sources */,
				CB2394101BC39A8700B470BA /* Frameworks */,
				CB2394111BC39A8700B470BA /* Resources */,
			);
			buildRules = (
			);
			dependencies = (
				CB2394151BC39A8700B470BA /* PBXTargetDependency */,
			);
			name = LZthread02Tests;
			productName = LZthread02Tests;
			productReference = CB2394131BC39A8700B470BA /* LZthread02Tests.xctest */;
			productType = "com.apple.product-type.bundle.unit-test";
		};
		CB2394241BC4AF2000B470BA /* LZThreadPro03LoadImage */ = {
			isa = PBXNativeTarget;
			buildConfigurationList = CB2394491BC4AF2000B470BA /* Build configuration list for PBXNativeTarget "LZThreadPro03LoadImage" */;
			buildPhases = (
				CB2394211BC4AF2000B470BA /* Sources */,
				CB2394221BC4AF2000B470BA /* Frameworks */,
				CB2394231BC4AF2000B470BA /* Resources */,
			);
			buildRules = (
			);
			dependencies = (
			);
			name = LZThreadPro03LoadImage;
			productName = LZThreadLoadImage;
			productReference = CB2394251BC4AF2000B470BA /* LZThreadLoadImage.app */;
			productType = "com.apple.product-type.application";
		};
		CB23943C1BC4AF2000B470BA /* LZThreadLoadImageTests */ = {
			isa = PBXNativeTarget;
			buildConfigurationList = CB23944A1BC4AF2000B470BA /* Build configuration list for PBXNativeTarget "LZThreadLoadImageTests" */;
			buildPhases = (
				CB2394391BC4AF2000B470BA /* Sources */,
				CB23943A1BC4AF2000B470BA /* Frameworks */,
				CB23943B1BC4AF2000B470BA /* Resources */,
			);
			buildRules = (
			);
			dependencies = (
				CB23943F1BC4AF2000B470BA /* PBXTargetDependency */,
			);
			name = LZThreadLoadImageTests;
			productName = LZThreadLoadImageTests;
			productReference = CB23943D1BC4AF2000B470BA /* LZThreadLoadImageTests.xctest */;
			productType = "com.apple.product-type.bundle.unit-test";
		};
		CB23944E1BC4BD0400B470BA /* LZThreadPro04GCD */ = {
			isa = PBXNativeTarget;
			buildConfigurationList = CB23946F1BC4BD0400B470BA /* Build configuration list for PBXNativeTarget "LZThreadPro04GCD" */;
			buildPhases = (
				CB23944B1BC4BD0400B470BA /* Sources */,
				CB23944C1BC4BD0400B470BA /* Frameworks */,
				CB23944D1BC4BD0400B470BA /* Resources */,
			);
			buildRules = (
			);
			dependencies = (
			);
			name = LZThreadPro04GCD;
			productName = LZThreadPro04GCD;
			productReference = CB23944F1BC4BD0400B470BA /* LZThreadPro04GCD.app */;
			productType = "com.apple.product-type.application";
		};
		CB2394661BC4BD0400B470BA /* LZThreadPro04GCDTests */ = {
			isa = PBXNativeTarget;
			buildConfigurationList = CB2394721BC4BD0400B470BA /* Build configuration list for PBXNativeTarget "LZThreadPro04GCDTests" */;
			buildPhases = (
				CB2394631BC4BD0400B470BA /* Sources */,
				CB2394641BC4BD0400B470BA /* Frameworks */,
				CB2394651BC4BD0400B470BA /* Resources */,
			);
			buildRules = (
			);
			dependencies = (
				CB2394691BC4BD0400B470BA /* PBXTargetDependency */,
			);
			name = LZThreadPro04GCDTests;
			productName = LZThreadPro04GCDTests;
			productReference = CB2394671BC4BD0400B470BA /* LZThreadPro04GCDTests.xctest */;
			productType = "com.apple.product-type.bundle.unit-test";
		};
/* End PBXNativeTarget section */

/* Begin PBXProject section */
		CB2393C61BC39A3300B470BA /* Project object */ = {
			isa = PBXProject;
			attributes = {
				LastUpgradeCheck = 0630;
				ORGANIZATIONNAME = com.comst1314;
				TargetAttributes = {
					CB2393CD1BC39A3300B470BA = {
						CreatedOnToolsVersion = 6.3.2;
					};
					CB2393E61BC39A3300B470BA = {
						CreatedOnToolsVersion = 6.3.2;
						TestTargetID = CB2393CD1BC39A3300B470BA;
					};
					CB2393FA1BC39A8700B470BA = {
						CreatedOnToolsVersion = 6.3.2;
					};
					CB2394121BC39A8700B470BA = {
						CreatedOnToolsVersion = 6.3.2;
						TestTargetID = CB2393FA1BC39A8700B470BA;
					};
					CB2394241BC4AF2000B470BA = {
						CreatedOnToolsVersion = 6.3.2;
					};
					CB23943C1BC4AF2000B470BA = {
						CreatedOnToolsVersion = 6.3.2;
						TestTargetID = CB2394241BC4AF2000B470BA;
					};
					CB23944E1BC4BD0400B470BA = {
						CreatedOnToolsVersion = 6.3.2;
					};
					CB2394661BC4BD0400B470BA = {
						CreatedOnToolsVersion = 6.3.2;
						TestTargetID = CB23944E1BC4BD0400B470BA;
					};
				};
			};
			buildConfigurationList = CB2393C91BC39A3300B470BA /* Build configuration list for PBXProject "LZThreadPro" */;
			compatibilityVersion = "Xcode 3.2";
			developmentRegion = English;
			hasScannedForEncodings = 0;
			knownRegions = (
				en,
				Base,
			);
			mainGroup = CB2393C51BC39A3300B470BA;
			productRefGroup = CB2393CF1BC39A3300B470BA /* Products */;
			projectDirPath = "";
			projectRoot = "";
			targets = (
				CB2393CD1BC39A3300B470BA /* LZThreadPro */,
				CB2393E61BC39A3300B470BA /* LZThreadProTests */,
				CB2393FA1BC39A8700B470BA /* LZthreadPro02 */,
				CB2394121BC39A8700B470BA /* LZthread02Tests */,
				CB2394241BC4AF2000B470BA /* LZThreadPro03LoadImage */,
				CB23943C1BC4AF2000B470BA /* LZThreadLoadImageTests */,
				CB23944E1BC4BD0400B470BA /* LZThreadPro04GCD */,
				CB2394661BC4BD0400B470BA /* LZThreadPro04GCDTests */,
			);
		};
/* End PBXProject section */

/* Begin PBXResourcesBuildPhase section */
		CB2393CC1BC39A3300B470BA /* Resources */ = {
			isa = PBXResourcesBuildPhase;
			buildActionMask = 2147483647;
			files = (
				CB2393DD1BC39A3300B470BA /* Main.storyboard in Resources */,
				CB2393E21BC39A3300B470BA /* LaunchScreen.xib in Resources */,
				CB2393DF1BC39A3300B470BA /* Images.xcassets in Resources */,
			);
			runOnlyForDeploymentPostprocessing = 0;
		};
		CB2393E51BC39A3300B470BA /* Resources */ = {
			isa = PBXResourcesBuildPhase;
			buildActionMask = 2147483647;
			files = (
			);
			runOnlyForDeploymentPostprocessing = 0;
		};
		CB2393F91BC39A8700B470BA /* Resources */ = {
			isa = PBXResourcesBuildPhase;
			buildActionMask = 2147483647;
			files = (
				CB2394091BC39A8700B470BA /* Main.storyboard in Resources */,
				CB23940E1BC39A8700B470BA /* LaunchScreen.xib in Resources */,
				CB23940B1BC39A8700B470BA /* Images.xcassets in Resources */,
			);
			runOnlyForDeploymentPostprocessing = 0;
		};
		CB2394111BC39A8700B470BA /* Resources */ = {
			isa = PBXResourcesBuildPhase;
			buildActionMask = 2147483647;
			files = (
			);
			runOnlyForDeploymentPostprocessing = 0;
		};
		CB2394231BC4AF2000B470BA /* Resources */ = {
			isa = PBXResourcesBuildPhase;
			buildActionMask = 2147483647;
			files = (
				CB2394331BC4AF2000B470BA /* Main.storyboard in Resources */,
				CB2394381BC4AF2000B470BA /* LaunchScreen.xib in Resources */,
				CB2394351BC4AF2000B470BA /* Images.xcassets in Resources */,
			);
			runOnlyForDeploymentPostprocessing = 0;
		};
		CB23943B1BC4AF2000B470BA /* Resources */ = {
			isa = PBXResourcesBuildPhase;
			buildActionMask = 2147483647;
			files = (
			);
			runOnlyForDeploymentPostprocessing = 0;
		};
		CB23944D1BC4BD0400B470BA /* Resources */ = {
			isa = PBXResourcesBuildPhase;
			buildActionMask = 2147483647;
			files = (
				CB23945D1BC4BD0400B470BA /* Main.storyboard in Resources */,
				CB2394621BC4BD0400B470BA /* LaunchScreen.xib in Resources */,
				CB23945F1BC4BD0400B470BA /* Images.xcassets in Resources */,
			);
			runOnlyForDeploymentPostprocessing = 0;
		};
		CB2394651BC4BD0400B470BA /* Resources */ = {
			isa = PBXResourcesBuildPhase;
			buildActionMask = 2147483647;
			files = (
			);
			runOnlyForDeploymentPostprocessing = 0;
		};
/* End PBXResourcesBuildPhase section */

/* Begin PBXSourcesBuildPhase section */
		CB2393CA1BC39A3300B470BA /* Sources */ = {
			isa = PBXSourcesBuildPhase;
			buildActionMask = 2147483647;
			files = (
				CB2393DA1BC39A3300B470BA /* ViewController.m in Sources */,
				CB2393D71BC39A3300B470BA /* AppDelegate.m in Sources */,
				CB2393D41BC39A3300B470BA /* main.m in Sources */,
			);
			runOnlyForDeploymentPostprocessing = 0;
		};
		CB2393E31BC39A3300B470BA /* Sources */ = {
			isa = PBXSourcesBuildPhase;
			buildActionMask = 2147483647;
			files = (
				CB2393EE1BC39A3300B470BA /* LZThreadProTests.m in Sources */,
			);
			runOnlyForDeploymentPostprocessing = 0;
		};
		CB2393F71BC39A8700B470BA /* Sources */ = {
			isa = PBXSourcesBuildPhase;
			buildActionMask = 2147483647;
			files = (
				CB2394061BC39A8700B470BA /* ViewController.m in Sources */,
				CB2394031BC39A8700B470BA /* AppDelegate.m in Sources */,
				CB2394001BC39A8700B470BA /* main.m in Sources */,
			);
			runOnlyForDeploymentPostprocessing = 0;
		};
		CB23940F1BC39A8700B470BA /* Sources */ = {
			isa = PBXSourcesBuildPhase;
			buildActionMask = 2147483647;
			files = (
				CB23941A1BC39A8700B470BA /* LZthread02Tests.m in Sources */,
			);
			runOnlyForDeploymentPostprocessing = 0;
		};
		CB2394211BC4AF2000B470BA /* Sources */ = {
			isa = PBXSourcesBuildPhase;
			buildActionMask = 2147483647;
			files = (
				CB2394301BC4AF2000B470BA /* ViewController.m in Sources */,
				CB23942D1BC4AF2000B470BA /* AppDelegate.m in Sources */,
				CB23942A1BC4AF2000B470BA /* main.m in Sources */,
			);
			runOnlyForDeploymentPostprocessing = 0;
		};
		CB2394391BC4AF2000B470BA /* Sources */ = {
			isa = PBXSourcesBuildPhase;
			buildActionMask = 2147483647;
			files = (
				CB2394441BC4AF2000B470BA /* LZThreadLoadImageTests.m in Sources */,
			);
			runOnlyForDeploymentPostprocessing = 0;
		};
		CB23944B1BC4BD0400B470BA /* Sources */ = {
			isa = PBXSourcesBuildPhase;
			buildActionMask = 2147483647;
			files = (
				CB23945A1BC4BD0400B470BA /* ViewController.m in Sources */,
				CB2394571BC4BD0400B470BA /* AppDelegate.m in Sources */,
				CB2394541BC4BD0400B470BA /* main.m in Sources */,
			);
			runOnlyForDeploymentPostprocessing = 0;
		};
		CB2394631BC4BD0400B470BA /* Sources */ = {
			isa = PBXSourcesBuildPhase;
			buildActionMask = 2147483647;
			files = (
				CB23946E1BC4BD0400B470BA /* LZThreadPro04GCDTests.m in Sources */,
			);
			runOnlyForDeploymentPostprocessing = 0;
		};
/* End PBXSourcesBuildPhase section */

/* Begin PBXTargetDependency section */
		CB2393E91BC39A3300B470BA /* PBXTargetDependency */ = {
			isa = PBXTargetDependency;
			target = CB2393CD1BC39A3300B470BA /* LZThreadPro */;
			targetProxy = CB2393E81BC39A3300B470BA /* PBXContainerItemProxy */;
		};
		CB2394151BC39A8700B470BA /* PBXTargetDependency */ = {
			isa = PBXTargetDependency;
			target = CB2393FA1BC39A8700B470BA /* LZthreadPro02 */;
			targetProxy = CB2394141BC39A8700B470BA /* PBXContainerItemProxy */;
		};
		CB23943F1BC4AF2000B470BA /* PBXTargetDependency */ = {
			isa = PBXTargetDependency;
			target = CB2394241BC4AF2000B470BA /* LZThreadPro03LoadImage */;
			targetProxy = CB23943E1BC4AF2000B470BA /* PBXContainerItemProxy */;
		};
		CB2394691BC4BD0400B470BA /* PBXTargetDependency */ = {
			isa = PBXTargetDependency;
			target = CB23944E1BC4BD0400B470BA /* LZThreadPro04GCD */;
			targetProxy = CB2394681BC4BD0400B470BA /* PBXContainerItemProxy */;
		};
/* End PBXTargetDependency section */

/* Begin PBXVariantGroup section */
		CB2393DB1BC39A3300B470BA /* Main.storyboard */ = {
			isa = PBXVariantGroup;
			children = (
				CB2393DC1BC39A3300B470BA /* Base */,
			);
			name = Main.storyboard;
			sourceTree = "<group>";
		};
		CB2393E01BC39A3300B470BA /* LaunchScreen.xib */ = {
			isa = PBXVariantGroup;
			children = (
				CB2393E11BC39A3300B470BA /* Base */,
			);
			name = LaunchScreen.xib;
			sourceTree = "<group>";
		};
		CB2394071BC39A8700B470BA /* Main.storyboard */ = {
			isa = PBXVariantGroup;
			children = (
				CB2394081BC39A8700B470BA /* Base */,
			);
			name = Main.storyboard;
			sourceTree = "<group>";
		};
		CB23940C1BC39A8700B470BA /* LaunchScreen.xib */ = {
			isa = PBXVariantGroup;
			children = (
				CB23940D1BC39A8700B470BA /* Base */,
			);
			name = LaunchScreen.xib;
			sourceTree = "<group>";
		};
		CB2394311BC4AF2000B470BA /* Main.storyboard */ = {
			isa = PBXVariantGroup;
			children = (
				CB2394321BC4AF2000B470BA /* Base */,
			);
			name = Main.storyboard;
			sourceTree = "<group>";
		};
		CB2394361BC4AF2000B470BA /* LaunchScreen.xib */ = {
			isa = PBXVariantGroup;
			children = (
				CB2394371BC4AF2000B470BA /* Base */,
			);
			name = LaunchScreen.xib;
			sourceTree = "<group>";
		};
		CB23945B1BC4BD0400B470BA /* Main.storyboard */ = {
			isa = PBXVariantGroup;
			children = (
				CB23945C1BC4BD0400B470BA /* Base */,
			);
			name = Main.storyboard;
			sourceTree = "<group>";
		};
		CB2394601BC4BD0400B470BA /* LaunchScreen.xib */ = {
			isa = PBXVariantGroup;
			children = (
				CB2394611BC4BD0400B470BA /* Base */,
			);
			name = LaunchScreen.xib;
			sourceTree = "<group>";
		};
/* End PBXVariantGroup section */

/* Begin XCBuildConfiguration section */
		CB2393EF1BC39A3300B470BA /* Debug */ = {
			isa = XCBuildConfiguration;
			buildSettings = {
				ALWAYS_SEARCH_USER_PATHS = NO;
				CLANG_CXX_LANGUAGE_STANDARD = "gnu++0x";
				CLANG_CXX_LIBRARY = "libc++";
				CLANG_ENABLE_MODULES = YES;
				CLANG_ENABLE_OBJC_ARC = YES;
				CLANG_WARN_BOOL_CONVERSION = YES;
				CLANG_WARN_CONSTANT_CONVERSION = YES;
				CLANG_WARN_DIRECT_OBJC_ISA_USAGE = YES_ERROR;
				CLANG_WARN_EMPTY_BODY = YES;
				CLANG_WARN_ENUM_CONVERSION = YES;
				CLANG_WARN_INT_CONVERSION = YES;
				CLANG_WARN_OBJC_ROOT_CLASS = YES_ERROR;
				CLANG_WARN_UNREACHABLE_CODE = YES;
				CLANG_WARN__DUPLICATE_METHOD_MATCH = YES;
				"CODE_SIGN_IDENTITY[sdk=iphoneos*]" = "iPhone Developer";
				COPY_PHASE_STRIP = NO;
				DEBUG_INFORMATION_FORMAT = "dwarf-with-dsym";
				ENABLE_STRICT_OBJC_MSGSEND = YES;
				GCC_C_LANGUAGE_STANDARD = gnu99;
				GCC_DYNAMIC_NO_PIC = NO;
				GCC_NO_COMMON_BLOCKS = YES;
				GCC_OPTIMIZATION_LEVEL = 0;
				GCC_PREPROCESSOR_DEFINITIONS = (
					"DEBUG=1",
					"$(inherited)",
				);
				GCC_SYMBOLS_PRIVATE_EXTERN = NO;
				GCC_WARN_64_TO_32_BIT_CONVERSION = YES;
				GCC_WARN_ABOUT_RETURN_TYPE = YES_ERROR;
				GCC_WARN_UNDECLARED_SELECTOR = YES;
				GCC_WARN_UNINITIALIZED_AUTOS = YES_AGGRESSIVE;
				GCC_WARN_UNUSED_FUNCTION = YES;
				GCC_WARN_UNUSED_VARIABLE = YES;
				IPHONEOS_DEPLOYMENT_TARGET = 8.3;
				MTL_ENABLE_DEBUG_INFO = YES;
				ONLY_ACTIVE_ARCH = YES;
				SDKROOT = iphoneos;
			};
			name = Debug;
		};
		CB2393F01BC39A3300B470BA /* Release */ = {
			isa = XCBuildConfiguration;
			buildSettings = {
				ALWAYS_SEARCH_USER_PATHS = NO;
				CLANG_CXX_LANGUAGE_STANDARD = "gnu++0x";
				CLANG_CXX_LIBRARY = "libc++";
				CLANG_ENABLE_MODULES = YES;
				CLANG_ENABLE_OBJC_ARC = YES;
				CLANG_WARN_BOOL_CONVERSION = YES;
				CLANG_WARN_CONSTANT_CONVERSION = YES;
				CLANG_WARN_DIRECT_OBJC_ISA_USAGE = YES_ERROR;
				CLANG_WARN_EMPTY_BODY = YES;
				CLANG_WARN_ENUM_CONVERSION = YES;
				CLANG_WARN_INT_CONVERSION = YES;
				CLANG_WARN_OBJC_ROOT_CLASS = YES_ERROR;
				CLANG_WARN_UNREACHABLE_CODE = YES;
				CLANG_WARN__DUPLICATE_METHOD_MATCH = YES;
				"CODE_SIGN_IDENTITY[sdk=iphoneos*]" = "iPhone Developer";
				COPY_PHASE_STRIP = NO;
				DEBUG_INFORMATION_FORMAT = "dwarf-with-dsym";
				ENABLE_NS_ASSERTIONS = NO;
				ENABLE_STRICT_OBJC_MSGSEND = YES;
				GCC_C_LANGUAGE_STANDARD = gnu99;
				GCC_NO_COMMON_BLOCKS = YES;
				GCC_WARN_64_TO_32_BIT_CONVERSION = YES;
				GCC_WARN_ABOUT_RETURN_TYPE = YES_ERROR;
				GCC_WARN_UNDECLARED_SELECTOR = YES;
				GCC_WARN_UNINITIALIZED_AUTOS = YES_AGGRESSIVE;
				GCC_WARN_UNUSED_FUNCTION = YES;
				GCC_WARN_UNUSED_VARIABLE = YES;
				IPHONEOS_DEPLOYMENT_TARGET = 8.3;
				MTL_ENABLE_DEBUG_INFO = NO;
				SDKROOT = iphoneos;
				VALIDATE_PRODUCT = YES;
			};
			name = Release;
		};
		CB2393F21BC39A3300B470BA /* Debug */ = {
			isa = XCBuildConfiguration;
			buildSettings = {
				ASSETCATALOG_COMPILER_APPICON_NAME = AppIcon;
				INFOPLIST_FILE = LZThreadPro/Info.plist;
				LD_RUNPATH_SEARCH_PATHS = "$(inherited) @executable_path/Frameworks";
				PRODUCT_NAME = "$(TARGET_NAME)";
			};
			name = Debug;
		};
		CB2393F31BC39A3300B470BA /* Release */ = {
			isa = XCBuildConfiguration;
			buildSettings = {
				ASSETCATALOG_COMPILER_APPICON_NAME = AppIcon;
				INFOPLIST_FILE = LZThreadPro/Info.plist;
				LD_RUNPATH_SEARCH_PATHS = "$(inherited) @executable_path/Frameworks";
				PRODUCT_NAME = "$(TARGET_NAME)";
			};
			name = Release;
		};
		CB2393F51BC39A3300B470BA /* Debug */ = {
			isa = XCBuildConfiguration;
			buildSettings = {
				BUNDLE_LOADER = "$(TEST_HOST)";
				FRAMEWORK_SEARCH_PATHS = (
					"$(SDKROOT)/Developer/Library/Frameworks",
					"$(inherited)",
				);
				GCC_PREPROCESSOR_DEFINITIONS = (
					"DEBUG=1",
					"$(inherited)",
				);
				INFOPLIST_FILE = LZThreadProTests/Info.plist;
				LD_RUNPATH_SEARCH_PATHS = "$(inherited) @executable_path/Frameworks @loader_path/Frameworks";
				PRODUCT_NAME = "$(TARGET_NAME)";
				TEST_HOST = "$(BUILT_PRODUCTS_DIR)/LZThreadPro.app/LZThreadPro";
			};
			name = Debug;
		};
		CB2393F61BC39A3300B470BA /* Release */ = {
			isa = XCBuildConfiguration;
			buildSettings = {
				BUNDLE_LOADER = "$(TEST_HOST)";
				FRAMEWORK_SEARCH_PATHS = (
					"$(SDKROOT)/Developer/Library/Frameworks",
					"$(inherited)",
				);
				INFOPLIST_FILE = LZThreadProTests/Info.plist;
				LD_RUNPATH_SEARCH_PATHS = "$(inherited) @executable_path/Frameworks @loader_path/Frameworks";
				PRODUCT_NAME = "$(TARGET_NAME)";
				TEST_HOST = "$(BUILT_PRODUCTS_DIR)/LZThreadPro.app/LZThreadPro";
			};
			name = Release;
		};
		CB23941C1BC39A8700B470BA /* Debug */ = {
			isa = XCBuildConfiguration;
			buildSettings = {
				ASSETCATALOG_COMPILER_APPICON_NAME = AppIcon;
				GCC_PREPROCESSOR_DEFINITIONS = (
					"DEBUG=1",
					"$(inherited)",
				);
				INFOPLIST_FILE = LZthread02/Info.plist;
				LD_RUNPATH_SEARCH_PATHS = "$(inherited) @executable_path/Frameworks";
				PRODUCT_NAME = "$(TARGET_NAME)";
			};
			name = Debug;
		};
		CB23941D1BC39A8700B470BA /* Release */ = {
			isa = XCBuildConfiguration;
			buildSettings = {
				ASSETCATALOG_COMPILER_APPICON_NAME = AppIcon;
				INFOPLIST_FILE = LZthread02/Info.plist;
				LD_RUNPATH_SEARCH_PATHS = "$(inherited) @executable_path/Frameworks";
				PRODUCT_NAME = "$(TARGET_NAME)";
			};
			name = Release;
		};
		CB23941F1BC39A8700B470BA /* Debug */ = {
			isa = XCBuildConfiguration;
			buildSettings = {
				BUNDLE_LOADER = "$(TEST_HOST)";
				FRAMEWORK_SEARCH_PATHS = (
					"$(SDKROOT)/Developer/Library/Frameworks",
					"$(inherited)",
				);
				GCC_PREPROCESSOR_DEFINITIONS = (
					"DEBUG=1",
					"$(inherited)",
				);
				INFOPLIST_FILE = LZthread02Tests/Info.plist;
				LD_RUNPATH_SEARCH_PATHS = "$(inherited) @executable_path/Frameworks @loader_path/Frameworks";
				PRODUCT_NAME = "$(TARGET_NAME)";
				TEST_HOST = "$(BUILT_PRODUCTS_DIR)/LZthreadPro02.app/LZthreadPro02";
			};
			name = Debug;
		};
		CB2394201BC39A8700B470BA /* Release */ = {
			isa = XCBuildConfiguration;
			buildSettings = {
				BUNDLE_LOADER = "$(TEST_HOST)";
				FRAMEWORK_SEARCH_PATHS = (
					"$(SDKROOT)/Developer/Library/Frameworks",
					"$(inherited)",
				);
				INFOPLIST_FILE = LZthread02Tests/Info.plist;
				LD_RUNPATH_SEARCH_PATHS = "$(inherited) @executable_path/Frameworks @loader_path/Frameworks";
				PRODUCT_NAME = "$(TARGET_NAME)";
				TEST_HOST = "$(BUILT_PRODUCTS_DIR)/LZthreadPro02.app/LZthreadPro02";
			};
			name = Release;
		};
		CB2394451BC4AF2000B470BA /* Debug */ = {
			isa = XCBuildConfiguration;
			buildSettings = {
				ASSETCATALOG_COMPILER_APPICON_NAME = AppIcon;
				GCC_PREPROCESSOR_DEFINITIONS = (
					"DEBUG=1",
					"$(inherited)",
				);
				INFOPLIST_FILE = LZThreadLoadImage/Info.plist;
				LD_RUNPATH_SEARCH_PATHS = "$(inherited) @executable_path/Frameworks";
				PRODUCT_NAME = "$(TARGET_NAME)";
			};
			name = Debug;
		};
		CB2394461BC4AF2000B470BA /* Release */ = {
			isa = XCBuildConfiguration;
			buildSettings = {
				ASSETCATALOG_COMPILER_APPICON_NAME = AppIcon;
				INFOPLIST_FILE = LZThreadLoadImage/Info.plist;
				LD_RUNPATH_SEARCH_PATHS = "$(inherited) @executable_path/Frameworks";
				PRODUCT_NAME = "$(TARGET_NAME)";
			};
			name = Release;
		};
		CB2394471BC4AF2000B470BA /* Debug */ = {
			isa = XCBuildConfiguration;
			buildSettings = {
				BUNDLE_LOADER = "$(TEST_HOST)";
				FRAMEWORK_SEARCH_PATHS = (
					"$(SDKROOT)/Developer/Library/Frameworks",
					"$(inherited)",
				);
				GCC_PREPROCESSOR_DEFINITIONS = (
					"DEBUG=1",
					"$(inherited)",
				);
				INFOPLIST_FILE = LZThreadLoadImageTests/Info.plist;
				LD_RUNPATH_SEARCH_PATHS = "$(inherited) @executable_path/Frameworks @loader_path/Frameworks";
				PRODUCT_NAME = "$(TARGET_NAME)";
				TEST_HOST = "$(BUILT_PRODUCTS_DIR)/LZThreadPro03LoadImage.app/LZThreadPro03LoadImage";
			};
			name = Debug;
		};
		CB2394481BC4AF2000B470BA /* Release */ = {
			isa = XCBuildConfiguration;
			buildSettings = {
				BUNDLE_LOADER = "$(TEST_HOST)";
				FRAMEWORK_SEARCH_PATHS = (
					"$(SDKROOT)/Developer/Library/Frameworks",
					"$(inherited)",
				);
				INFOPLIST_FILE = LZThreadLoadImageTests/Info.plist;
				LD_RUNPATH_SEARCH_PATHS = "$(inherited) @executable_path/Frameworks @loader_path/Frameworks";
				PRODUCT_NAME = "$(TARGET_NAME)";
				TEST_HOST = "$(BUILT_PRODUCTS_DIR)/LZThreadPro03LoadImage.app/LZThreadPro03LoadImage";
			};
			name = Release;
		};
		CB2394701BC4BD0400B470BA /* Debug */ = {
			isa = XCBuildConfiguration;
			buildSettings = {
				ASSETCATALOG_COMPILER_APPICON_NAME = AppIcon;
				GCC_PREPROCESSOR_DEFINITIONS = (
					"DEBUG=1",
					"$(inherited)",
				);
				INFOPLIST_FILE = LZThreadPro04GCD/Info.plist;
				LD_RUNPATH_SEARCH_PATHS = "$(inherited) @executable_path/Frameworks";
				PRODUCT_NAME = "$(TARGET_NAME)";
			};
			name = Debug;
		};
		CB2394711BC4BD0400B470BA /* Release */ = {
			isa = XCBuildConfiguration;
			buildSettings = {
				ASSETCATALOG_COMPILER_APPICON_NAME = AppIcon;
				INFOPLIST_FILE = LZThreadPro04GCD/Info.plist;
				LD_RUNPATH_SEARCH_PATHS = "$(inherited) @executable_path/Frameworks";
				PRODUCT_NAME = "$(TARGET_NAME)";
			};
			name = Release;
		};
		CB2394731BC4BD0400B470BA /* Debug */ = {
			isa = XCBuildConfiguration;
			buildSettings = {
				BUNDLE_LOADER = "$(TEST_HOST)";
				FRAMEWORK_SEARCH_PATHS = (
					"$(SDKROOT)/Developer/Library/Frameworks",
					"$(inherited)",
				);
				GCC_PREPROCESSOR_DEFINITIONS = (
					"DEBUG=1",
					"$(inherited)",
				);
				INFOPLIST_FILE = LZThreadPro04GCDTests/Info.plist;
				LD_RUNPATH_SEARCH_PATHS = "$(inherited) @executable_path/Frameworks @loader_path/Frameworks";
				PRODUCT_NAME = "$(TARGET_NAME)";
				TEST_HOST = "$(BUILT_PRODUCTS_DIR)/LZThreadPro04GCD.app/LZThreadPro04GCD";
			};
			name = Debug;
		};
		CB2394741BC4BD0400B470BA /* Release */ = {
			isa = XCBuildConfiguration;
			buildSettings = {
				BUNDLE_LOADER = "$(TEST_HOST)";
				FRAMEWORK_SEARCH_PATHS = (
					"$(SDKROOT)/Developer/Library/Frameworks",
					"$(inherited)",
				);
				INFOPLIST_FILE = LZThreadPro04GCDTests/Info.plist;
				LD_RUNPATH_SEARCH_PATHS = "$(inherited) @executable_path/Frameworks @loader_path/Frameworks";
				PRODUCT_NAME = "$(TARGET_NAME)";
				TEST_HOST = "$(BUILT_PRODUCTS_DIR)/LZThreadPro04GCD.app/LZThreadPro04GCD";
			};
			name = Release;
		};
/* End XCBuildConfiguration section */

/* Begin XCConfigurationList section */
		CB2393C91BC39A3300B470BA /* Build configuration list for PBXProject "LZThreadPro" */ = {
			isa = XCConfigurationList;
			buildConfigurations = (
				CB2393EF1BC39A3300B470BA /* Debug */,
				CB2393F01BC39A3300B470BA /* Release */,
			);
			defaultConfigurationIsVisible = 0;
			defaultConfigurationName = Release;
		};
		CB2393F11BC39A3300B470BA /* Build configuration list for PBXNativeTarget "LZThreadPro" */ = {
			isa = XCConfigurationList;
			buildConfigurations = (
				CB2393F21BC39A3300B470BA /* Debug */,
				CB2393F31BC39A3300B470BA /* Release */,
			);
			defaultConfigurationIsVisible = 0;
			defaultConfigurationName = Release;
		};
		CB2393F41BC39A3300B470BA /* Build configuration list for PBXNativeTarget "LZThreadProTests" */ = {
			isa = XCConfigurationList;
			buildConfigurations = (
				CB2393F51BC39A3300B470BA /* Debug */,
				CB2393F61BC39A3300B470BA /* Release */,
			);
			defaultConfigurationIsVisible = 0;
			defaultConfigurationName = Release;
		};
		CB23941B1BC39A8700B470BA /* Build configuration list for PBXNativeTarget "LZthreadPro02" */ = {
			isa = XCConfigurationList;
			buildConfigurations = (
				CB23941C1BC39A8700B470BA /* Debug */,
				CB23941D1BC39A8700B470BA /* Release */,
			);
			defaultConfigurationIsVisible = 0;
			defaultConfigurationName = Release;
		};
		CB23941E1BC39A8700B470BA /* Build configuration list for PBXNativeTarget "LZthread02Tests" */ = {
			isa = XCConfigurationList;
			buildConfigurations = (
				CB23941F1BC39A8700B470BA /* Debug */,
				CB2394201BC39A8700B470BA /* Release */,
			);
			defaultConfigurationIsVisible = 0;
			defaultConfigurationName = Release;
		};
		CB2394491BC4AF2000B470BA /* Build configuration list for PBXNativeTarget "LZThreadPro03LoadImage" */ = {
			isa = XCConfigurationList;
			buildConfigurations = (
				CB2394451BC4AF2000B470BA /* Debug */,
				CB2394461BC4AF2000B470BA /* Release */,
			);
			defaultConfigurationIsVisible = 0;
		};
		CB23944A1BC4AF2000B470BA /* Build configuration list for PBXNativeTarget "LZThreadLoadImageTests" */ = {
			isa = XCConfigurationList;
			buildConfigurations = (
				CB2394471BC4AF2000B470BA /* Debug */,
				CB2394481BC4AF2000B470BA /* Release */,
			);
			defaultConfigurationIsVisible = 0;
		};
		CB23946F1BC4BD0400B470BA /* Build configuration list for PBXNativeTarget "LZThreadPro04GCD" */ = {
			isa = XCConfigurationList;
			buildConfigurations = (
				CB2394701BC4BD0400B470BA /* Debug */,
				CB2394711BC4BD0400B470BA /* Release */,
			);
			defaultConfigurationIsVisible = 0;
		};
		CB2394721BC4BD0400B470BA /* Build configuration list for PBXNativeTarget "LZThreadPro04GCDTests" */ = {
			isa = XCConfigurationList;
			buildConfigurations = (
				CB2394731BC4BD0400B470BA /* Debug */,
				CB2394741BC4BD0400B470BA /* Release */,
			);
			defaultConfigurationIsVisible = 0;
		};
/* End XCConfigurationList section */
	};
	rootObject = CB2393C61BC39A3300B470BA /* Project object */;
}
