// !$*UTF8*$!
{
	archiveVersion = 1;
	classes = {
	};
	objectVersion = 46;
	objects = {

/* Begin PBXBuildFile section */
		CB7162DD1BDBEE7A000385CF /* LZPersistance.h in Headers */ = {isa = PBXBuildFile; fileRef = CB7162DC1BDBEE7A000385CF /* LZPersistance.h */; settings = {ATTRIBUTES = (Public, ); }; };
		CB7162E31BDBEE7A000385CF /* LZPersistance.framework in Frameworks */ = {isa = PBXBuildFile; fileRef = CB7162D71BDBEE7A000385CF /* LZPersistance.framework */; };
		CB7162EA1BDBEE7A000385CF /* LZPersistanceTests.m in Sources */ = {isa = PBXBuildFile; fileRef = CB7162E91BDBEE7A000385CF /* LZPersistanceTests.m */; };
/* End PBXBuildFile section */

/* Begin PBXContainerItemProxy section */
		CB7162E41BDBEE7A000385CF /* PBXContainerItemProxy */ = {
			isa = PBXContainerItemProxy;
			containerPortal = CB7162CE1BDBEE7A000385CF /* Project object */;
			proxyType = 1;
			remoteGlobalIDString = CB7162D61BDBEE7A000385CF;
			remoteInfo = LZPersistance;
		};
/* End PBXContainerItemProxy section */

/* Begin PBXFileReference section */
		CB7162D71BDBEE7A000385CF /* LZPersistance.framework */ = {isa = PBXFileReference; explicitFileType = wrapper.framework; includeInIndex = 0; path = LZPersistance.framework; sourceTree = BUILT_PRODUCTS_DIR; };
		CB7162DB1BDBEE7A000385CF /* Info.plist */ = {isa = PBXFileReference; lastKnownFileType = text.plist.xml; path = Info.plist; sourceTree = "<group>"; };
		CB7162DC1BDBEE7A000385CF /* LZPersistance.h */ = {isa = PBXFileReference; lastKnownFileType = sourcecode.c.h; path = LZPersistance.h; sourceTree = "<group>"; };
		CB7162E21BDBEE7A000385CF /* LZPersistanceTests.xctest */ = {isa = PBXFileReference; explicitFileType = wrapper.cfbundle; includeInIndex = 0; path = LZPersistanceTests.xctest; sourceTree = BUILT_PRODUCTS_DIR; };
		CB7162E81BDBEE7A000385CF /* Info.plist */ = {isa = PBXFileReference; lastKnownFileType = text.plist.xml; path = Info.plist; sourceTree = "<group>"; };
		CB7162E91BDBEE7A000385CF /* LZPersistanceTests.m */ = {isa = PBXFileReference; lastKnownFileType = sourcecode.c.objc; path = LZPersistanceTests.m; sourceTree = "<group>"; };
/* End PBXFileReference section */

/* Begin PBXFrameworksBuildPhase section */
		CB7162D31BDBEE7A000385CF /* Frameworks */ = {
			isa = PBXFrameworksBuildPhase;
			buildActionMask = 2147483647;
			files = (
			);
			runOnlyForDeploymentPostprocessing = 0;
		};
		CB7162DF1BDBEE7A000385CF /* Frameworks */ = {
			isa = PBXFrameworksBuildPhase;
			buildActionMask = 2147483647;
			files = (
				CB7162E31BDBEE7A000385CF /* LZPersistance.framework in Frameworks */,
			);
			runOnlyForDeploymentPostprocessing = 0;
		};
/* End PBXFrameworksBuildPhase section */

/* Begin PBXGroup section */
		CB7162CD1BDBEE7A000385CF = {
			isa = PBXGroup;
			children = (
				CB7162D91BDBEE7A000385CF /* LZPersistance */,
				CB7162E61BDBEE7A000385CF /* LZPersistanceTests */,
				CB7162D81BDBEE7A000385CF /* Products */,
			);
			sourceTree = "<group>";
		};
		CB7162D81BDBEE7A000385CF /* Products */ = {
			isa = PBXGroup;
			children = (
				CB7162D71BDBEE7A000385CF /* LZPersistance.framework */,
				CB7162E21BDBEE7A000385CF /* LZPersistanceTests.xctest */,
			);
			name = Products;
			sourceTree = "<group>";
		};
		CB7162D91BDBEE7A000385CF /* LZPersistance */ = {
			isa = PBXGroup;
			children = (
				CB7162DC1BDBEE7A000385CF /* LZPersistance.h */,
				CB7162DA1BDBEE7A000385CF /* Supporting Files */,
			);
			path = LZPersistance;
			sourceTree = "<group>";
		};
		CB7162DA1BDBEE7A000385CF /* Supporting Files */ = {
			isa = PBXGroup;
			children = (
				CB7162DB1BDBEE7A000385CF /* Info.plist */,
			);
			name = "Supporting Files";
			sourceTree = "<group>";
		};
		CB7162E61BDBEE7A000385CF /* LZPersistanceTests */ = {
			isa = PBXGroup;
			children = (
				CB7162E91BDBEE7A000385CF /* LZPersistanceTests.m */,
				CB7162E71BDBEE7A000385CF /* Supporting Files */,
			);
			path = LZPersistanceTests;
			sourceTree = "<group>";
		};
		CB7162E71BDBEE7A000385CF /* Supporting Files */ = {
			isa = PBXGroup;
			children = (
				CB7162E81BDBEE7A000385CF /* Info.plist */,
			);
			name = "Supporting Files";
			sourceTree = "<group>";
		};
/* End PBXGroup section */

/* Begin PBXHeadersBuildPhase section */
		CB7162D41BDBEE7A000385CF /* Headers */ = {
			isa = PBXHeadersBuildPhase;
			buildActionMask = 2147483647;
			files = (
				CB7162DD1BDBEE7A000385CF /* LZPersistance.h in Headers */,
			);
			runOnlyForDeploymentPostprocessing = 0;
		};
/* End PBXHeadersBuildPhase section */

/* Begin PBXNativeTarget section */
		CB7162D61BDBEE7A000385CF /* LZPersistance */ = {
			isa = PBXNativeTarget;
			buildConfigurationList = CB7162ED1BDBEE7A000385CF /* Build configuration list for PBXNativeTarget "LZPersistance" */;
			buildPhases = (
				CB7162D21BDBEE7A000385CF /* Sources */,
				CB7162D31BDBEE7A000385CF /* Frameworks */,
				CB7162D41BDBEE7A000385CF /* Headers */,
				CB7162D51BDBEE7A000385CF /* Resources */,
			);
			buildRules = (
			);
			dependencies = (
			);
			name = LZPersistance;
			productName = LZPersistance;
			productReference = CB7162D71BDBEE7A000385CF /* LZPersistance.framework */;
			productType = "com.apple.product-type.framework";
		};
		CB7162E11BDBEE7A000385CF /* LZPersistanceTests */ = {
			isa = PBXNativeTarget;
			buildConfigurationList = CB7162F01BDBEE7A000385CF /* Build configuration list for PBXNativeTarget "LZPersistanceTests" */;
			buildPhases = (
				CB7162DE1BDBEE7A000385CF /* Sources */,
				CB7162DF1BDBEE7A000385CF /* Frameworks */,
				CB7162E01BDBEE7A000385CF /* Resources */,
			);
			buildRules = (
			);
			dependencies = (
				CB7162E51BDBEE7A000385CF /* PBXTargetDependency */,
			);
			name = LZPersistanceTests;
			productName = LZPersistanceTests;
			productReference = CB7162E21BDBEE7A000385CF /* LZPersistanceTests.xctest */;
			productType = "com.apple.product-type.bundle.unit-test";
		};
/* End PBXNativeTarget section */

/* Begin PBXProject section */
		CB7162CE1BDBEE7A000385CF /* Project object */ = {
			isa = PBXProject;
			attributes = {
				LastUpgradeCheck = 0630;
				ORGANIZATIONNAME = com.comst1314;
				TargetAttributes = {
					CB7162D61BDBEE7A000385CF = {
						CreatedOnToolsVersion = 6.3.2;
					};
					CB7162E11BDBEE7A000385CF = {
						CreatedOnToolsVersion = 6.3.2;
					};
				};
			};
			buildConfigurationList = CB7162D11BDBEE7A000385CF /* Build configuration list for PBXProject "LZPersistance" */;
			compatibilityVersion = "Xcode 3.2";
			developmentRegion = English;
			hasScannedForEncodings = 0;
			knownRegions = (
				en,
			);
			mainGroup = CB7162CD1BDBEE7A000385CF;
			productRefGroup = CB7162D81BDBEE7A000385CF /* Products */;
			projectDirPath = "";
			projectRoot = "";
			targets = (
				CB7162D61BDBEE7A000385CF /* LZPersistance */,
				CB7162E11BDBEE7A000385CF /* LZPersistanceTests */,
			);
		};
/* End PBXProject section */

/* Begin PBXResourcesBuildPhase section */
		CB7162D51BDBEE7A000385CF /* Resources */ = {
			isa = PBXResourcesBuildPhase;
			buildActionMask = 2147483647;
			files = (
			);
			runOnlyForDeploymentPostprocessing = 0;
		};
		CB7162E01BDBEE7A000385CF /* Resources */ = {
			isa = PBXResourcesBuildPhase;
			buildActionMask = 2147483647;
			files = (
			);
			runOnlyForDeploymentPostprocessing = 0;
		};
/* End PBXResourcesBuildPhase section */

/* Begin PBXSourcesBuildPhase section */
		CB7162D21BDBEE7A000385CF /* Sources */ = {
			isa = PBXSourcesBuildPhase;
			buildActionMask = 2147483647;
			files = (
			);
			runOnlyForDeploymentPostprocessing = 0;
		};
		CB7162DE1BDBEE7A000385CF /* Sources */ = {
			isa = PBXSourcesBuildPhase;
			buildActionMask = 2147483647;
			files = (
				CB7162EA1BDBEE7A000385CF /* LZPersistanceTests.m in Sources */,
			);
			runOnlyForDeploymentPostprocessing = 0;
		};
/* End PBXSourcesBuildPhase section */

/* Begin PBXTargetDependency section */
		CB7162E51BDBEE7A000385CF /* PBXTargetDependency */ = {
			isa = PBXTargetDependency;
			target = CB7162D61BDBEE7A000385CF /* LZPersistance */;
			targetProxy = CB7162E41BDBEE7A000385CF /* PBXContainerItemProxy */;
		};
/* End PBXTargetDependency section */

/* Begin XCBuildConfiguration section */
		CB7162EB1BDBEE7A000385CF /* Debug */ = {
			isa = XCBuildConfiguration;
			buildSettings = {
				ALWAYS_SEARCH_USER_PATHS = NO;
				CLANG_CXX_LANGUAGE_STANDARD = "gnu++0x";
				CLANG_CXX_LIBRARY = "libc++";
				CLANG_ENABLE_MODULES = YES;
				CLANG_ENABLE_OBJC_ARC = YES;
				CLANG_WARN_BOOL_CONVERSION = YES;
				CLANG_WARN_CONSTANT_CONVERSION = YES;
				CLANG_WARN_DIRECT_OBJC_ISA_USAGE = YES_ERROR;
				CLANG_WARN_EMPTY_BODY = YES;
				CLANG_WARN_ENUM_CONVERSION = YES;
				CLANG_WARN_INT_CONVERSION = YES;
				CLANG_WARN_OBJC_ROOT_CLASS = YES_ERROR;
				CLANG_WARN_UNREACHABLE_CODE = YES;
				CLANG_WARN__DUPLICATE_METHOD_MATCH = YES;
				"CODE_SIGN_IDENTITY[sdk=iphoneos*]" = "iPhone Developer";
				COPY_PHASE_STRIP = NO;
				CURRENT_PROJECT_VERSION = 1;
				DEBUG_INFORMATION_FORMAT = "dwarf-with-dsym";
				ENABLE_STRICT_OBJC_MSGSEND = YES;
				GCC_C_LANGUAGE_STANDARD = gnu99;
				GCC_DYNAMIC_NO_PIC = NO;
				GCC_NO_COMMON_BLOCKS = YES;
				GCC_OPTIMIZATION_LEVEL = 0;
				GCC_PREPROCESSOR_DEFINITIONS = (
					"DEBUG=1",
					"$(inherited)",
				);
				GCC_SYMBOLS_PRIVATE_EXTERN = NO;
				GCC_WARN_64_TO_32_BIT_CONVERSION = YES;
				GCC_WARN_ABOUT_RETURN_TYPE = YES_ERROR;
				GCC_WARN_UNDECLARED_SELECTOR = YES;
				GCC_WARN_UNINITIALIZED_AUTOS = YES_AGGRESSIVE;
				GCC_WARN_UNUSED_FUNCTION = YES;
				GCC_WARN_UNUSED_VARIABLE = YES;
				IPHONEOS_DEPLOYMENT_TARGET = 8.3;
				MTL_ENABLE_DEBUG_INFO = YES;
				ONLY_ACTIVE_ARCH = YES;
				SDKROOT = iphoneos;
				TARGETED_DEVICE_FAMILY = "1,2";
				VERSIONING_SYSTEM = "apple-generic";
				VERSION_INFO_PREFIX = "";
			};
			name = Debug;
		};
		CB7162EC1BDBEE7A000385CF /* Release */ = {
			isa = XCBuildConfiguration;
			buildSettings = {
				ALWAYS_SEARCH_USER_PATHS = NO;
				CLANG_CXX_LANGUAGE_STANDARD = "gnu++0x";
				CLANG_CXX_LIBRARY = "libc++";
				CLANG_ENABLE_MODULES = YES;
				CLANG_ENABLE_OBJC_ARC = YES;
				CLANG_WARN_BOOL_CONVERSION = YES;
				CLANG_WARN_CONSTANT_CONVERSION = YES;
				CLANG_WARN_DIRECT_OBJC_ISA_USAGE = YES_ERROR;
				CLANG_WARN_EMPTY_BODY = YES;
				CLANG_WARN_ENUM_CONVERSION = YES;
				CLANG_WARN_INT_CONVERSION = YES;
				CLANG_WARN_OBJC_ROOT_CLASS = YES_ERROR;
				CLANG_WARN_UNREACHABLE_CODE = YES;
				CLANG_WARN__DUPLICATE_METHOD_MATCH = YES;
				"CODE_SIGN_IDENTITY[sdk=iphoneos*]" = "iPhone Developer";
				COPY_PHASE_STRIP = NO;
				CURRENT_PROJECT_VERSION = 1;
				DEBUG_INFORMATION_FORMAT = "dwarf-with-dsym";
				ENABLE_NS_ASSERTIONS = NO;
				ENABLE_STRICT_OBJC_MSGSEND = YES;
				GCC_C_LANGUAGE_STANDARD = gnu99;
				GCC_NO_COMMON_BLOCKS = YES;
				GCC_WARN_64_TO_32_BIT_CONVERSION = YES;
				GCC_WARN_ABOUT_RETURN_TYPE = YES_ERROR;
				GCC_WARN_UNDECLARED_SELECTOR = YES;
				GCC_WARN_UNINITIALIZED_AUTOS = YES_AGGRESSIVE;
				GCC_WARN_UNUSED_FUNCTION = YES;
				GCC_WARN_UNUSED_VARIABLE = YES;
				IPHONEOS_DEPLOYMENT_TARGET = 8.3;
				MTL_ENABLE_DEBUG_INFO = NO;
				SDKROOT = iphoneos;
				TARGETED_DEVICE_FAMILY = "1,2";
				VALIDATE_PRODUCT = YES;
				VERSIONING_SYSTEM = "apple-generic";
				VERSION_INFO_PREFIX = "";
			};
			name = Release;
		};
		CB7162EE1BDBEE7A000385CF /* Debug */ = {
			isa = XCBuildConfiguration;
			buildSettings = {
				DEFINES_MODULE = YES;
				DYLIB_COMPATIBILITY_VERSION = 1;
				DYLIB_CURRENT_VERSION = 1;
				DYLIB_INSTALL_NAME_BASE = "@rpath";
				INFOPLIST_FILE = LZPersistance/Info.plist;
				INSTALL_PATH = "$(LOCAL_LIBRARY_DIR)/Frameworks";
				LD_RUNPATH_SEARCH_PATHS = "$(inherited) @executable_path/Frameworks @loader_path/Frameworks";
				PRODUCT_NAME = "$(TARGET_NAME)";
				SKIP_INSTALL = YES;
			};
			name = Debug;
		};
		CB7162EF1BDBEE7A000385CF /* Release */ = {
			isa = XCBuildConfiguration;
			buildSettings = {
				DEFINES_MODULE = YES;
				DYLIB_COMPATIBILITY_VERSION = 1;
				DYLIB_CURRENT_VERSION = 1;
				DYLIB_INSTALL_NAME_BASE = "@rpath";
				INFOPLIST_FILE = LZPersistance/Info.plist;
				INSTALL_PATH = "$(LOCAL_LIBRARY_DIR)/Frameworks";
				LD_RUNPATH_SEARCH_PATHS = "$(inherited) @executable_path/Frameworks @loader_path/Frameworks";
				PRODUCT_NAME = "$(TARGET_NAME)";
				SKIP_INSTALL = YES;
			};
			name = Release;
		};
		CB7162F11BDBEE7A000385CF /* Debug */ = {
			isa = XCBuildConfiguration;
			buildSettings = {
				FRAMEWORK_SEARCH_PATHS = (
					"$(SDKROOT)/Developer/Library/Frameworks",
					"$(inherited)",
				);
				GCC_PREPROCESSOR_DEFINITIONS = (
					"DEBUG=1",
					"$(inherited)",
				);
				INFOPLIST_FILE = LZPersistanceTests/Info.plist;
				LD_RUNPATH_SEARCH_PATHS = "$(inherited) @executable_path/Frameworks @loader_path/Frameworks";
				PRODUCT_NAME = "$(TARGET_NAME)";
			};
			name = Debug;
		};
		CB7162F21BDBEE7A000385CF /* Release */ = {
			isa = XCBuildConfiguration;
			buildSettings = {
				FRAMEWORK_SEARCH_PATHS = (
					"$(SDKROOT)/Developer/Library/Frameworks",
					"$(inherited)",
				);
				INFOPLIST_FILE = LZPersistanceTests/Info.plist;
				LD_RUNPATH_SEARCH_PATHS = "$(inherited) @executable_path/Frameworks @loader_path/Frameworks";
				PRODUCT_NAME = "$(TARGET_NAME)";
			};
			name = Release;
		};
/* End XCBuildConfiguration section */

/* Begin XCConfigurationList section */
		CB7162D11BDBEE7A000385CF /* Build configuration list for PBXProject "LZPersistance" */ = {
			isa = XCConfigurationList;
			buildConfigurations = (
				CB7162EB1BDBEE7A000385CF /* Debug */,
				CB7162EC1BDBEE7A000385CF /* Release */,
			);
			defaultConfigurationIsVisible = 0;
			defaultConfigurationName = Release;
		};
		CB7162ED1BDBEE7A000385CF /* Build configuration list for PBXNativeTarget "LZPersistance" */ = {
			isa = XCConfigurationList;
			buildConfigurations = (
				CB7162EE1BDBEE7A000385CF /* Debug */,
				CB7162EF1BDBEE7A000385CF /* Release */,
			);
			defaultConfigurationIsVisible = 0;
		};
		CB7162F01BDBEE7A000385CF /* Build configuration list for PBXNativeTarget "LZPersistanceTests" */ = {
			isa = XCConfigurationList;
			buildConfigurations = (
				CB7162F11BDBEE7A000385CF /* Debug */,
				CB7162F21BDBEE7A000385CF /* Release */,
			);
			defaultConfigurationIsVisible = 0;
		};
/* End XCConfigurationList section */
	};
	rootObject = CB7162CE1BDBEE7A000385CF /* Project object */;
}
