// !$*UTF8*$!
{
	archiveVersion = 1;
	classes = {
	};
	objectVersion = 46;
	objects = {

/* Begin PBXBuildFile section */
		CB1050DF1C0D9007003A516E /* main.m in Sources */ = {isa = PBXBuildFile; fileRef = CB1050DE1C0D9007003A516E /* main.m */; };
		CB1050E21C0D9007003A516E /* AppDelegate.m in Sources */ = {isa = PBXBuildFile; fileRef = CB1050E11C0D9007003A516E /* AppDelegate.m */; };
		CB1050E51C0D9007003A516E /* ViewController.m in Sources */ = {isa = PBXBuildFile; fileRef = CB1050E41C0D9007003A516E /* ViewController.m */; };
		CB1050E81C0D9007003A516E /* Main.storyboard in Resources */ = {isa = PBXBuildFile; fileRef = CB1050E61C0D9007003A516E /* Main.storyboard */; };
		CB1050EA1C0D9007003A516E /* Images.xcassets in Resources */ = {isa = PBXBuildFile; fileRef = CB1050E91C0D9007003A516E /* Images.xcassets */; };
		CB1050ED1C0D9007003A516E /* LaunchScreen.xib in Resources */ = {isa = PBXBuildFile; fileRef = CB1050EB1C0D9007003A516E /* LaunchScreen.xib */; };
		CB1050F91C0D9007003A516E /* LZTransitionPro05_present_dismissTests.m in Sources */ = {isa = PBXBuildFile; fileRef = CB1050F81C0D9007003A516E /* LZTransitionPro05_present_dismissTests.m */; };
		CB1051041C0D931F003A516E /* LZFirstViewContrller.m in Sources */ = {isa = PBXBuildFile; fileRef = CB1051031C0D931F003A516E /* LZFirstViewContrller.m */; };
		CB1051071C0D9341003A516E /* LZSecondViewController.m in Sources */ = {isa = PBXBuildFile; fileRef = CB1051061C0D9341003A516E /* LZSecondViewController.m */; };
		CB10510A1C0DA01E003A516E /* LZPresentTransition.m in Sources */ = {isa = PBXBuildFile; fileRef = CB1051091C0DA01E003A516E /* LZPresentTransition.m */; };
		CB10510D1C0DA743003A516E /* LZDismissTransition.m in Sources */ = {isa = PBXBuildFile; fileRef = CB10510C1C0DA743003A516E /* LZDismissTransition.m */; };
		CB10510F1C0DEDA6003A516E /* Reveal.framework in Frameworks */ = {isa = PBXBuildFile; fileRef = CB10510E1C0DEDA6003A516E /* Reveal.framework */; };
/* End PBXBuildFile section */

/* Begin PBXContainerItemProxy section */
		CB1050F31C0D9007003A516E /* PBXContainerItemProxy */ = {
			isa = PBXContainerItemProxy;
			containerPortal = CB1050D11C0D9007003A516E /* Project object */;
			proxyType = 1;
			remoteGlobalIDString = CB1050D81C0D9007003A516E;
			remoteInfo = "LZTransitionPro05-present_dismiss";
		};
/* End PBXContainerItemProxy section */

/* Begin PBXFileReference section */
		CB1050D91C0D9007003A516E /* LZTransitionPro05-present_dismiss.app */ = {isa = PBXFileReference; explicitFileType = wrapper.application; includeInIndex = 0; path = "LZTransitionPro05-present_dismiss.app"; sourceTree = BUILT_PRODUCTS_DIR; };
		CB1050DD1C0D9007003A516E /* Info.plist */ = {isa = PBXFileReference; lastKnownFileType = text.plist.xml; path = Info.plist; sourceTree = "<group>"; };
		CB1050DE1C0D9007003A516E /* main.m */ = {isa = PBXFileReference; lastKnownFileType = sourcecode.c.objc; path = main.m; sourceTree = "<group>"; };
		CB1050E01C0D9007003A516E /* AppDelegate.h */ = {isa = PBXFileReference; lastKnownFileType = sourcecode.c.h; path = AppDelegate.h; sourceTree = "<group>"; };
		CB1050E11C0D9007003A516E /* AppDelegate.m */ = {isa = PBXFileReference; lastKnownFileType = sourcecode.c.objc; path = AppDelegate.m; sourceTree = "<group>"; };
		CB1050E31C0D9007003A516E /* ViewController.h */ = {isa = PBXFileReference; lastKnownFileType = sourcecode.c.h; path = ViewController.h; sourceTree = "<group>"; };
		CB1050E41C0D9007003A516E /* ViewController.m */ = {isa = PBXFileReference; lastKnownFileType = sourcecode.c.objc; path = ViewController.m; sourceTree = "<group>"; };
		CB1050E71C0D9007003A516E /* Base */ = {isa = PBXFileReference; lastKnownFileType = file.storyboard; name = Base; path = Base.lproj/Main.storyboard; sourceTree = "<group>"; };
		CB1050E91C0D9007003A516E /* Images.xcassets */ = {isa = PBXFileReference; lastKnownFileType = folder.assetcatalog; path = Images.xcassets; sourceTree = "<group>"; };
		CB1050EC1C0D9007003A516E /* Base */ = {isa = PBXFileReference; lastKnownFileType = file.xib; name = Base; path = Base.lproj/LaunchScreen.xib; sourceTree = "<group>"; };
		CB1050F21C0D9007003A516E /* LZTransitionPro05-present_dismissTests.xctest */ = {isa = PBXFileReference; explicitFileType = wrapper.cfbundle; includeInIndex = 0; path = "LZTransitionPro05-present_dismissTests.xctest"; sourceTree = BUILT_PRODUCTS_DIR; };
		CB1050F71C0D9007003A516E /* Info.plist */ = {isa = PBXFileReference; lastKnownFileType = text.plist.xml; path = Info.plist; sourceTree = "<group>"; };
		CB1050F81C0D9007003A516E /* LZTransitionPro05_present_dismissTests.m */ = {isa = PBXFileReference; lastKnownFileType = sourcecode.c.objc; path = LZTransitionPro05_present_dismissTests.m; sourceTree = "<group>"; };
		CB1051021C0D931F003A516E /* LZFirstViewContrller.h */ = {isa = PBXFileReference; fileEncoding = 4; lastKnownFileType = sourcecode.c.h; path = LZFirstViewContrller.h; sourceTree = "<group>"; };
		CB1051031C0D931F003A516E /* LZFirstViewContrller.m */ = {isa = PBXFileReference; fileEncoding = 4; lastKnownFileType = sourcecode.c.objc; path = LZFirstViewContrller.m; sourceTree = "<group>"; };
		CB1051051C0D9341003A516E /* LZSecondViewController.h */ = {isa = PBXFileReference; fileEncoding = 4; lastKnownFileType = sourcecode.c.h; path = LZSecondViewController.h; sourceTree = "<group>"; };
		CB1051061C0D9341003A516E /* LZSecondViewController.m */ = {isa = PBXFileReference; fileEncoding = 4; lastKnownFileType = sourcecode.c.objc; path = LZSecondViewController.m; sourceTree = "<group>"; };
		CB1051081C0DA01E003A516E /* LZPresentTransition.h */ = {isa = PBXFileReference; fileEncoding = 4; lastKnownFileType = sourcecode.c.h; path = LZPresentTransition.h; sourceTree = "<group>"; };
		CB1051091C0DA01E003A516E /* LZPresentTransition.m */ = {isa = PBXFileReference; fileEncoding = 4; lastKnownFileType = sourcecode.c.objc; path = LZPresentTransition.m; sourceTree = "<group>"; };
		CB10510B1C0DA743003A516E /* LZDismissTransition.h */ = {isa = PBXFileReference; fileEncoding = 4; lastKnownFileType = sourcecode.c.h; path = LZDismissTransition.h; sourceTree = "<group>"; };
		CB10510C1C0DA743003A516E /* LZDismissTransition.m */ = {isa = PBXFileReference; fileEncoding = 4; lastKnownFileType = sourcecode.c.objc; path = LZDismissTransition.m; sourceTree = "<group>"; };
		CB10510E1C0DEDA6003A516E /* Reveal.framework */ = {isa = PBXFileReference; lastKnownFileType = wrapper.framework; path = Reveal.framework; sourceTree = "<group>"; };
/* End PBXFileReference section */

/* Begin PBXFrameworksBuildPhase section */
		CB1050D61C0D9007003A516E /* Frameworks */ = {
			isa = PBXFrameworksBuildPhase;
			buildActionMask = 2147483647;
			files = (
				CB10510F1C0DEDA6003A516E /* Reveal.framework in Frameworks */,
			);
			runOnlyForDeploymentPostprocessing = 0;
		};
		CB1050EF1C0D9007003A516E /* Frameworks */ = {
			isa = PBXFrameworksBuildPhase;
			buildActionMask = 2147483647;
			files = (
			);
			runOnlyForDeploymentPostprocessing = 0;
		};
/* End PBXFrameworksBuildPhase section */

/* Begin PBXGroup section */
		CB1050D01C0D9007003A516E = {
			isa = PBXGroup;
			children = (
				CB1050DB1C0D9007003A516E /* LZTransitionPro05-present_dismiss */,
				CB1050F51C0D9007003A516E /* LZTransitionPro05-present_dismissTests */,
				CB1050DA1C0D9007003A516E /* Products */,
			);
			sourceTree = "<group>";
		};
		CB1050DA1C0D9007003A516E /* Products */ = {
			isa = PBXGroup;
			children = (
				CB1050D91C0D9007003A516E /* LZTransitionPro05-present_dismiss.app */,
				CB1050F21C0D9007003A516E /* LZTransitionPro05-present_dismissTests.xctest */,
			);
			name = Products;
			sourceTree = "<group>";
		};
		CB1050DB1C0D9007003A516E /* LZTransitionPro05-present_dismiss */ = {
			isa = PBXGroup;
			children = (
				CB10510E1C0DEDA6003A516E /* Reveal.framework */,
				CB1050E01C0D9007003A516E /* AppDelegate.h */,
				CB1050E11C0D9007003A516E /* AppDelegate.m */,
				CB1050E31C0D9007003A516E /* ViewController.h */,
				CB1050E41C0D9007003A516E /* ViewController.m */,
				CB1050E61C0D9007003A516E /* Main.storyboard */,
				CB1050E91C0D9007003A516E /* Images.xcassets */,
				CB1050EB1C0D9007003A516E /* LaunchScreen.xib */,
				CB1050DC1C0D9007003A516E /* Supporting Files */,
				CB1051021C0D931F003A516E /* LZFirstViewContrller.h */,
				CB1051031C0D931F003A516E /* LZFirstViewContrller.m */,
				CB1051051C0D9341003A516E /* LZSecondViewController.h */,
				CB1051061C0D9341003A516E /* LZSecondViewController.m */,
				CB1051081C0DA01E003A516E /* LZPresentTransition.h */,
				CB1051091C0DA01E003A516E /* LZPresentTransition.m */,
				CB10510B1C0DA743003A516E /* LZDismissTransition.h */,
				CB10510C1C0DA743003A516E /* LZDismissTransition.m */,
			);
			path = "LZTransitionPro05-present_dismiss";
			sourceTree = "<group>";
		};
		CB1050DC1C0D9007003A516E /* Supporting Files */ = {
			isa = PBXGroup;
			children = (
				CB1050DD1C0D9007003A516E /* Info.plist */,
				CB1050DE1C0D9007003A516E /* main.m */,
			);
			name = "Supporting Files";
			sourceTree = "<group>";
		};
		CB1050F51C0D9007003A516E /* LZTransitionPro05-present_dismissTests */ = {
			isa = PBXGroup;
			children = (
				CB1050F81C0D9007003A516E /* LZTransitionPro05_present_dismissTests.m */,
				CB1050F61C0D9007003A516E /* Supporting Files */,
			);
			path = "LZTransitionPro05-present_dismissTests";
			sourceTree = "<group>";
		};
		CB1050F61C0D9007003A516E /* Supporting Files */ = {
			isa = PBXGroup;
			children = (
				CB1050F71C0D9007003A516E /* Info.plist */,
			);
			name = "Supporting Files";
			sourceTree = "<group>";
		};
/* End PBXGroup section */

/* Begin PBXNativeTarget section */
		CB1050D81C0D9007003A516E /* LZTransitionPro05-present_dismiss */ = {
			isa = PBXNativeTarget;
			buildConfigurationList = CB1050FC1C0D9007003A516E /* Build configuration list for PBXNativeTarget "LZTransitionPro05-present_dismiss" */;
			buildPhases = (
				CB1050D51C0D9007003A516E /* Sources */,
				CB1050D61C0D9007003A516E /* Frameworks */,
				CB1050D71C0D9007003A516E /* Resources */,
			);
			buildRules = (
			);
			dependencies = (
			);
			name = "LZTransitionPro05-present_dismiss";
			productName = "LZTransitionPro05-present_dismiss";
			productReference = CB1050D91C0D9007003A516E /* LZTransitionPro05-present_dismiss.app */;
			productType = "com.apple.product-type.application";
		};
		CB1050F11C0D9007003A516E /* LZTransitionPro05-present_dismissTests */ = {
			isa = PBXNativeTarget;
			buildConfigurationList = CB1050FF1C0D9007003A516E /* Build configuration list for PBXNativeTarget "LZTransitionPro05-present_dismissTests" */;
			buildPhases = (
				CB1050EE1C0D9007003A516E /* Sources */,
				CB1050EF1C0D9007003A516E /* Frameworks */,
				CB1050F01C0D9007003A516E /* Resources */,
			);
			buildRules = (
			);
			dependencies = (
				CB1050F41C0D9007003A516E /* PBXTargetDependency */,
			);
			name = "LZTransitionPro05-present_dismissTests";
			productName = "LZTransitionPro05-present_dismissTests";
			productReference = CB1050F21C0D9007003A516E /* LZTransitionPro05-present_dismissTests.xctest */;
			productType = "com.apple.product-type.bundle.unit-test";
		};
/* End PBXNativeTarget section */

/* Begin PBXProject section */
		CB1050D11C0D9007003A516E /* Project object */ = {
			isa = PBXProject;
			attributes = {
				LastUpgradeCheck = 0630;
				ORGANIZATIONNAME = com.comst1314;
				TargetAttributes = {
					CB1050D81C0D9007003A516E = {
						CreatedOnToolsVersion = 6.3.2;
					};
					CB1050F11C0D9007003A516E = {
						CreatedOnToolsVersion = 6.3.2;
						TestTargetID = CB1050D81C0D9007003A516E;
					};
				};
			};
			buildConfigurationList = CB1050D41C0D9007003A516E /* Build configuration list for PBXProject "LZTransitionPro05-present_dismiss" */;
			compatibilityVersion = "Xcode 3.2";
			developmentRegion = English;
			hasScannedForEncodings = 0;
			knownRegions = (
				en,
				Base,
			);
			mainGroup = CB1050D01C0D9007003A516E;
			productRefGroup = CB1050DA1C0D9007003A516E /* Products */;
			projectDirPath = "";
			projectRoot = "";
			targets = (
				CB1050D81C0D9007003A516E /* LZTransitionPro05-present_dismiss */,
				CB1050F11C0D9007003A516E /* LZTransitionPro05-present_dismissTests */,
			);
		};
/* End PBXProject section */

/* Begin PBXResourcesBuildPhase section */
		CB1050D71C0D9007003A516E /* Resources */ = {
			isa = PBXResourcesBuildPhase;
			buildActionMask = 2147483647;
			files = (
				CB1050E81C0D9007003A516E /* Main.storyboard in Resources */,
				CB1050ED1C0D9007003A516E /* LaunchScreen.xib in Resources */,
				CB1050EA1C0D9007003A516E /* Images.xcassets in Resources */,
			);
			runOnlyForDeploymentPostprocessing = 0;
		};
		CB1050F01C0D9007003A516E /* Resources */ = {
			isa = PBXResourcesBuildPhase;
			buildActionMask = 2147483647;
			files = (
			);
			runOnlyForDeploymentPostprocessing = 0;
		};
/* End PBXResourcesBuildPhase section */

/* Begin PBXSourcesBuildPhase section */
		CB1050D51C0D9007003A516E /* Sources */ = {
			isa = PBXSourcesBuildPhase;
			buildActionMask = 2147483647;
			files = (
				CB10510A1C0DA01E003A516E /* LZPresentTransition.m in Sources */,
				CB10510D1C0DA743003A516E /* LZDismissTransition.m in Sources */,
				CB1050E51C0D9007003A516E /* ViewController.m in Sources */,
				CB1050E21C0D9007003A516E /* AppDelegate.m in Sources */,
				CB1050DF1C0D9007003A516E /* main.m in Sources */,
				CB1051071C0D9341003A516E /* LZSecondViewController.m in Sources */,
				CB1051041C0D931F003A516E /* LZFirstViewContrller.m in Sources */,
			);
			runOnlyForDeploymentPostprocessing = 0;
		};
		CB1050EE1C0D9007003A516E /* Sources */ = {
			isa = PBXSourcesBuildPhase;
			buildActionMask = 2147483647;
			files = (
				CB1050F91C0D9007003A516E /* LZTransitionPro05_present_dismissTests.m in Sources */,
			);
			runOnlyForDeploymentPostprocessing = 0;
		};
/* End PBXSourcesBuildPhase section */

/* Begin PBXTargetDependency section */
		CB1050F41C0D9007003A516E /* PBXTargetDependency */ = {
			isa = PBXTargetDependency;
			target = CB1050D81C0D9007003A516E /* LZTransitionPro05-present_dismiss */;
			targetProxy = CB1050F31C0D9007003A516E /* PBXContainerItemProxy */;
		};
/* End PBXTargetDependency section */

/* Begin PBXVariantGroup section */
		CB1050E61C0D9007003A516E /* Main.storyboard */ = {
			isa = PBXVariantGroup;
			children = (
				CB1050E71C0D9007003A516E /* Base */,
			);
			name = Main.storyboard;
			sourceTree = "<group>";
		};
		CB1050EB1C0D9007003A516E /* LaunchScreen.xib */ = {
			isa = PBXVariantGroup;
			children = (
				CB1050EC1C0D9007003A516E /* Base */,
			);
			name = LaunchScreen.xib;
			sourceTree = "<group>";
		};
/* End PBXVariantGroup section */

/* Begin XCBuildConfiguration section */
		CB1050FA1C0D9007003A516E /* Debug */ = {
			isa = XCBuildConfiguration;
			buildSettings = {
				ALWAYS_SEARCH_USER_PATHS = NO;
				CLANG_CXX_LANGUAGE_STANDARD = "gnu++0x";
				CLANG_CXX_LIBRARY = "libc++";
				CLANG_ENABLE_MODULES = YES;
				CLANG_ENABLE_OBJC_ARC = YES;
				CLANG_WARN_BOOL_CONVERSION = YES;
				CLANG_WARN_CONSTANT_CONVERSION = YES;
				CLANG_WARN_DIRECT_OBJC_ISA_USAGE = YES_ERROR;
				CLANG_WARN_EMPTY_BODY = YES;
				CLANG_WARN_ENUM_CONVERSION = YES;
				CLANG_WARN_INT_CONVERSION = YES;
				CLANG_WARN_OBJC_ROOT_CLASS = YES_ERROR;
				CLANG_WARN_UNREACHABLE_CODE = YES;
				CLANG_WARN__DUPLICATE_METHOD_MATCH = YES;
				"CODE_SIGN_IDENTITY[sdk=iphoneos*]" = "iPhone Developer";
				COPY_PHASE_STRIP = NO;
				DEBUG_INFORMATION_FORMAT = "dwarf-with-dsym";
				ENABLE_STRICT_OBJC_MSGSEND = YES;
				GCC_C_LANGUAGE_STANDARD = gnu99;
				GCC_DYNAMIC_NO_PIC = NO;
				GCC_NO_COMMON_BLOCKS = YES;
				GCC_OPTIMIZATION_LEVEL = 0;
				GCC_PREPROCESSOR_DEFINITIONS = (
					"DEBUG=1",
					"$(inherited)",
				);
				GCC_SYMBOLS_PRIVATE_EXTERN = NO;
				GCC_WARN_64_TO_32_BIT_CONVERSION = YES;
				GCC_WARN_ABOUT_RETURN_TYPE = YES_ERROR;
				GCC_WARN_UNDECLARED_SELECTOR = YES;
				GCC_WARN_UNINITIALIZED_AUTOS = YES_AGGRESSIVE;
				GCC_WARN_UNUSED_FUNCTION = YES;
				GCC_WARN_UNUSED_VARIABLE = YES;
				IPHONEOS_DEPLOYMENT_TARGET = 8.3;
				MTL_ENABLE_DEBUG_INFO = YES;
				ONLY_ACTIVE_ARCH = YES;
				SDKROOT = iphoneos;
			};
			name = Debug;
		};
		CB1050FB1C0D9007003A516E /* Release */ = {
			isa = XCBuildConfiguration;
			buildSettings = {
				ALWAYS_SEARCH_USER_PATHS = NO;
				CLANG_CXX_LANGUAGE_STANDARD = "gnu++0x";
				CLANG_CXX_LIBRARY = "libc++";
				CLANG_ENABLE_MODULES = YES;
				CLANG_ENABLE_OBJC_ARC = YES;
				CLANG_WARN_BOOL_CONVERSION = YES;
				CLANG_WARN_CONSTANT_CONVERSION = YES;
				CLANG_WARN_DIRECT_OBJC_ISA_USAGE = YES_ERROR;
				CLANG_WARN_EMPTY_BODY = YES;
				CLANG_WARN_ENUM_CONVERSION = YES;
				CLANG_WARN_INT_CONVERSION = YES;
				CLANG_WARN_OBJC_ROOT_CLASS = YES_ERROR;
				CLANG_WARN_UNREACHABLE_CODE = YES;
				CLANG_WARN__DUPLICATE_METHOD_MATCH = YES;
				"CODE_SIGN_IDENTITY[sdk=iphoneos*]" = "iPhone Developer";
				COPY_PHASE_STRIP = NO;
				DEBUG_INFORMATION_FORMAT = "dwarf-with-dsym";
				ENABLE_NS_ASSERTIONS = NO;
				ENABLE_STRICT_OBJC_MSGSEND = YES;
				GCC_C_LANGUAGE_STANDARD = gnu99;
				GCC_NO_COMMON_BLOCKS = YES;
				GCC_WARN_64_TO_32_BIT_CONVERSION = YES;
				GCC_WARN_ABOUT_RETURN_TYPE = YES_ERROR;
				GCC_WARN_UNDECLARED_SELECTOR = YES;
				GCC_WARN_UNINITIALIZED_AUTOS = YES_AGGRESSIVE;
				GCC_WARN_UNUSED_FUNCTION = YES;
				GCC_WARN_UNUSED_VARIABLE = YES;
				IPHONEOS_DEPLOYMENT_TARGET = 8.3;
				MTL_ENABLE_DEBUG_INFO = NO;
				SDKROOT = iphoneos;
				VALIDATE_PRODUCT = YES;
			};
			name = Release;
		};
		CB1050FD1C0D9007003A516E /* Debug */ = {
			isa = XCBuildConfiguration;
			buildSettings = {
				ASSETCATALOG_COMPILER_APPICON_NAME = AppIcon;
				FRAMEWORK_SEARCH_PATHS = (
					"$(inherited)",
					"$(PROJECT_DIR)/LZTransitionPro05-present_dismiss",
				);
				INFOPLIST_FILE = "LZTransitionPro05-present_dismiss/Info.plist";
				LD_RUNPATH_SEARCH_PATHS = "$(inherited) @executable_path/Frameworks";
				"OTHER_LDFLAGS[arch=*]" = (
					"-ObjC",
					"-lz",
					"-framework",
					Reveal,
				);
				PRODUCT_NAME = "$(TARGET_NAME)";
			};
			name = Debug;
		};
		CB1050FE1C0D9007003A516E /* Release */ = {
			isa = XCBuildConfiguration;
			buildSettings = {
				ASSETCATALOG_COMPILER_APPICON_NAME = AppIcon;
				FRAMEWORK_SEARCH_PATHS = (
					"$(inherited)",
					"$(PROJECT_DIR)/LZTransitionPro05-present_dismiss",
				);
				INFOPLIST_FILE = "LZTransitionPro05-present_dismiss/Info.plist";
				LD_RUNPATH_SEARCH_PATHS = "$(inherited) @executable_path/Frameworks";
				PRODUCT_NAME = "$(TARGET_NAME)";
			};
			name = Release;
		};
		CB1051001C0D9007003A516E /* Debug */ = {
			isa = XCBuildConfiguration;
			buildSettings = {
				BUNDLE_LOADER = "$(TEST_HOST)";
				FRAMEWORK_SEARCH_PATHS = (
					"$(SDKROOT)/Developer/Library/Frameworks",
					"$(inherited)",
				);
				GCC_PREPROCESSOR_DEFINITIONS = (
					"DEBUG=1",
					"$(inherited)",
				);
				INFOPLIST_FILE = "LZTransitionPro05-present_dismissTests/Info.plist";
				LD_RUNPATH_SEARCH_PATHS = "$(inherited) @executable_path/Frameworks @loader_path/Frameworks";
				PRODUCT_NAME = "$(TARGET_NAME)";
				TEST_HOST = "$(BUILT_PRODUCTS_DIR)/LZTransitionPro05-present_dismiss.app/LZTransitionPro05-present_dismiss";
			};
			name = Debug;
		};
		CB1051011C0D9007003A516E /* Release */ = {
			isa = XCBuildConfiguration;
			buildSettings = {
				BUNDLE_LOADER = "$(TEST_HOST)";
				FRAMEWORK_SEARCH_PATHS = (
					"$(SDKROOT)/Developer/Library/Frameworks",
					"$(inherited)",
				);
				INFOPLIST_FILE = "LZTransitionPro05-present_dismissTests/Info.plist";
				LD_RUNPATH_SEARCH_PATHS = "$(inherited) @executable_path/Frameworks @loader_path/Frameworks";
				PRODUCT_NAME = "$(TARGET_NAME)";
				TEST_HOST = "$(BUILT_PRODUCTS_DIR)/LZTransitionPro05-present_dismiss.app/LZTransitionPro05-present_dismiss";
			};
			name = Release;
		};
/* End XCBuildConfiguration section */

/* Begin XCConfigurationList section */
		CB1050D41C0D9007003A516E /* Build configuration list for PBXProject "LZTransitionPro05-present_dismiss" */ = {
			isa = XCConfigurationList;
			buildConfigurations = (
				CB1050FA1C0D9007003A516E /* Debug */,
				CB1050FB1C0D9007003A516E /* Release */,
			);
			defaultConfigurationIsVisible = 0;
			defaultConfigurationName = Release;
		};
		CB1050FC1C0D9007003A516E /* Build configuration list for PBXNativeTarget "LZTransitionPro05-present_dismiss" */ = {
			isa = XCConfigurationList;
			buildConfigurations = (
				CB1050FD1C0D9007003A516E /* Debug */,
				CB1050FE1C0D9007003A516E /* Release */,
			);
			defaultConfigurationIsVisible = 0;
		};
		CB1050FF1C0D9007003A516E /* Build configuration list for PBXNativeTarget "LZTransitionPro05-present_dismissTests" */ = {
			isa = XCConfigurationList;
			buildConfigurations = (
				CB1051001C0D9007003A516E /* Debug */,
				CB1051011C0D9007003A516E /* Release */,
			);
			defaultConfigurationIsVisible = 0;
		};
/* End XCConfigurationList section */
	};
	rootObject = CB1050D11C0D9007003A516E /* Project object */;
}
